// !$*UTF8*$!
{
	archiveVersion = 1;
	classes = {
	};
	objectVersion = 51;
	objects = {

/* Begin PBXBuildFile section */
		52277ACA22AEF78A00CD45BE /* ArrayPicker.swift in Sources */ = {isa = PBXBuildFile; fileRef = 52277AC922AEF78A00CD45BE /* ArrayPicker.swift */; };
		52277ACE22AEF83900CD45BE /* PickerTextField.swift in Sources */ = {isa = PBXBuildFile; fileRef = 52277ACD22AEF83900CD45BE /* PickerTextField.swift */; };
		5242112622B7EA570066FB88 /* API.swift in Sources */ = {isa = PBXBuildFile; fileRef = 5242112522B7EA570066FB88 /* API.swift */; };
		5242112922B7F4620066FB88 /* awsconfiguration.json in Resources */ = {isa = PBXBuildFile; fileRef = 5242112822B7F4620066FB88 /* awsconfiguration.json */; };
		5242112B22B899810066FB88 /* EmergencyTab.storyboard in Resources */ = {isa = PBXBuildFile; fileRef = 5242112A22B899810066FB88 /* EmergencyTab.storyboard */; };
		5242112D22B899E50066FB88 /* NormalOpsTab.storyboard in Resources */ = {isa = PBXBuildFile; fileRef = 5242112C22B899E50066FB88 /* NormalOpsTab.storyboard */; };
		5242113222B89BEA0066FB88 /* NormalOpsTabTableViewController.swift in Sources */ = {isa = PBXBuildFile; fileRef = 5242113122B89BEA0066FB88 /* NormalOpsTabTableViewController.swift */; };
		5265457422BA979C00EA210E /* CheckInViewController.swift in Sources */ = {isa = PBXBuildFile; fileRef = 5265457322BA979C00EA210E /* CheckInViewController.swift */; };
		5265457722BA99DF00EA210E /* UIViewController+Extension.swift in Sources */ = {isa = PBXBuildFile; fileRef = 5265457622BA99DF00EA210E /* UIViewController+Extension.swift */; };
		5294100F22BA9B6E008F05A0 /* Double+Extension.swift in Sources */ = {isa = PBXBuildFile; fileRef = 5294100E22BA9B6E008F05A0 /* Double+Extension.swift */; };
		5294101122BA9BAD008F05A0 /* UIButton+Extension.swift in Sources */ = {isa = PBXBuildFile; fileRef = 5294101022BA9BAD008F05A0 /* UIButton+Extension.swift */; };
		5294101322BA9BC9008F05A0 /* UIColor+Extension.swift in Sources */ = {isa = PBXBuildFile; fileRef = 5294101222BA9BC9008F05A0 /* UIColor+Extension.swift */; };
		5294101522BA9BE3008F05A0 /* UIView+Extension.swift in Sources */ = {isa = PBXBuildFile; fileRef = 5294101422BA9BE3008F05A0 /* UIView+Extension.swift */; };
		529630D922AC37E600CAD9BC /* Main.storyboard in Resources */ = {isa = PBXBuildFile; fileRef = 529630D822AC37E600CAD9BC /* Main.storyboard */; };
		529630DD22AC3A5300CAD9BC /* EmergencyTabModel.swift in Sources */ = {isa = PBXBuildFile; fileRef = 529630DC22AC3A5300CAD9BC /* EmergencyTabModel.swift */; };
		529630DF22AC3AFB00CAD9BC /* NormalTabModel.swift in Sources */ = {isa = PBXBuildFile; fileRef = 529630DE22AC3AFB00CAD9BC /* NormalTabModel.swift */; };
		529630E122AC876100CAD9BC /* U2Status.swift in Sources */ = {isa = PBXBuildFile; fileRef = 529630E022AC876100CAD9BC /* U2Status.swift */; };
		529630E322AC876E00CAD9BC /* T38Status.swift in Sources */ = {isa = PBXBuildFile; fileRef = 529630E222AC876E00CAD9BC /* T38Status.swift */; };
		529630E522AC877B00CAD9BC /* RQ4Status.swift in Sources */ = {isa = PBXBuildFile; fileRef = 529630E422AC877B00CAD9BC /* RQ4Status.swift */; };
		52AD6D1A22B7C1DB0077FC91 /* NotamAPI.swift in Sources */ = {isa = PBXBuildFile; fileRef = 52AD6D1922B7C1DB0077FC91 /* NotamAPI.swift */; };
		52AD6D1C22B7C5C10077FC91 /* NotamDownLoader.swift in Sources */ = {isa = PBXBuildFile; fileRef = 52AD6D1B22B7C5C10077FC91 /* NotamDownLoader.swift */; };
		52AD6D1E22B7C6770077FC91 /* Notam.swift in Sources */ = {isa = PBXBuildFile; fileRef = 52AD6D1D22B7C6770077FC91 /* Notam.swift */; };
		52D0952B22AC3649008A236B /* AppDelegate.swift in Sources */ = {isa = PBXBuildFile; fileRef = 52D0952A22AC3649008A236B /* AppDelegate.swift */; };
		52D0953322AC3649008A236B /* SOF.xcdatamodeld in Sources */ = {isa = PBXBuildFile; fileRef = 52D0953122AC3649008A236B /* SOF.xcdatamodeld */; };
		52D0953522AC364A008A236B /* Assets.xcassets in Resources */ = {isa = PBXBuildFile; fileRef = 52D0953422AC364A008A236B /* Assets.xcassets */; };
		52D0953822AC364A008A236B /* LaunchScreen.storyboard in Resources */ = {isa = PBXBuildFile; fileRef = 52D0953622AC364A008A236B /* LaunchScreen.storyboard */; };
		52D0954422AC3714008A236B /* MainTabBarController.swift in Sources */ = {isa = PBXBuildFile; fileRef = 52D0954022AC3714008A236B /* MainTabBarController.swift */; };
		52D0954522AC3714008A236B /* DetailViewController.swift in Sources */ = {isa = PBXBuildFile; fileRef = 52D0954122AC3714008A236B /* DetailViewController.swift */; };
		52D0954B22AC372D008A236B /* OtherMasterModel.swift in Sources */ = {isa = PBXBuildFile; fileRef = 52D0954822AC372D008A236B /* OtherMasterModel.swift */; };
		52F3BCFD22B6268600F7F367 /* CoreDataXML.swift in Sources */ = {isa = PBXBuildFile; fileRef = 52F3BCF322B6268500F7F367 /* CoreDataXML.swift */; };
		52F3BCFE22B6268600F7F367 /* SwiftDecoders.swift in Sources */ = {isa = PBXBuildFile; fileRef = 52F3BCF422B6268500F7F367 /* SwiftDecoders.swift */; };
		52F3BCFF22B6268600F7F367 /* Enums.swift in Sources */ = {isa = PBXBuildFile; fileRef = 52F3BCF522B6268500F7F367 /* Enums.swift */; };
		52F3BD0022B6268600F7F367 /* UnzipDAFIF8.swift in Sources */ = {isa = PBXBuildFile; fileRef = 52F3BCF622B6268500F7F367 /* UnzipDAFIF8.swift */; };
		52F3BD0122B6268600F7F367 /* CDUCreator.swift in Sources */ = {isa = PBXBuildFile; fileRef = 52F3BCF722B6268500F7F367 /* CDUCreator.swift */; };
		52F3BD0222B6268600F7F367 /* Downloader.swift in Sources */ = {isa = PBXBuildFile; fileRef = 52F3BCF822B6268600F7F367 /* Downloader.swift */; };
		52F3BD0322B6268600F7F367 /* CoreDataStackCreator.swift in Sources */ = {isa = PBXBuildFile; fileRef = 52F3BCF922B6268600F7F367 /* CoreDataStackCreator.swift */; };
		52F3BD0422B6268600F7F367 /* DAFIFDataController.swift in Sources */ = {isa = PBXBuildFile; fileRef = 52F3BCFA22B6268600F7F367 /* DAFIFDataController.swift */; };
		52F3BD0522B6268600F7F367 /* DPCopier.swift in Sources */ = {isa = PBXBuildFile; fileRef = 52F3BCFB22B6268600F7F367 /* DPCopier.swift */; };
		52F3BD0622B6268600F7F367 /* JSONFromDAFFIF.swift in Sources */ = {isa = PBXBuildFile; fileRef = 52F3BCFC22B6268600F7F367 /* JSONFromDAFFIF.swift */; };
		52F3BD0B22B6269500F7F367 /* String+Extension.swift in Sources */ = {isa = PBXBuildFile; fileRef = 52F3BD0722B6269500F7F367 /* String+Extension.swift */; };
		52F3BD0C22B6269500F7F367 /* FileNames+Extension.swift in Sources */ = {isa = PBXBuildFile; fileRef = 52F3BD0822B6269500F7F367 /* FileNames+Extension.swift */; };
		52F3BD0D22B6269500F7F367 /* URL+Extension.swift in Sources */ = {isa = PBXBuildFile; fileRef = 52F3BD0922B6269500F7F367 /* URL+Extension.swift */; };
		52F3BD3922B6275A00F7F367 /* DAFIF.xcdatamodeld in Sources */ = {isa = PBXBuildFile; fileRef = 52F3BD1022B6275A00F7F367 /* DAFIF.xcdatamodeld */; };
		52F3BD3A22B6275A00F7F367 /* DAFIFCDStack.swift in Sources */ = {isa = PBXBuildFile; fileRef = 52F3BD1222B6275A00F7F367 /* DAFIFCDStack.swift */; };
		52F3BD3B22B6275A00F7F367 /* NavCDU.swift in Sources */ = {isa = PBXBuildFile; fileRef = 52F3BD1422B6275A00F7F367 /* NavCDU.swift */; };
		52F3BD3C22B6275A00F7F367 /* ArptCDU.swift in Sources */ = {isa = PBXBuildFile; fileRef = 52F3BD1522B6275A00F7F367 /* ArptCDU.swift */; };
		52F3BD3D22B6275A00F7F367 /* TrmSegCDU.swift in Sources */ = {isa = PBXBuildFile; fileRef = 52F3BD1622B6275A00F7F367 /* TrmSegCDU.swift */; };
		52F3BD3E22B6275A00F7F367 /* SvcRmkCDU.swift in Sources */ = {isa = PBXBuildFile; fileRef = 52F3BD1722B6275A00F7F367 /* SvcRmkCDU.swift */; };
		52F3BD3F22B6275A00F7F367 /* TrmRmkCDU.swift in Sources */ = {isa = PBXBuildFile; fileRef = 52F3BD1822B6275A00F7F367 /* TrmRmkCDU.swift */; };
		52F3BD4022B6275A00F7F367 /* AnavCDU.swift in Sources */ = {isa = PBXBuildFile; fileRef = 52F3BD1922B6275A00F7F367 /* AnavCDU.swift */; };
		52F3BD4122B6275A00F7F367 /* RwyCDU.swift in Sources */ = {isa = PBXBuildFile; fileRef = 52F3BD1A22B6275A00F7F367 /* RwyCDU.swift */; };
		52F3BD4222B6275A00F7F367 /* AddRwyCDU.swift in Sources */ = {isa = PBXBuildFile; fileRef = 52F3BD1B22B6275A00F7F367 /* AddRwyCDU.swift */; };
		52F3BD4322B6275A00F7F367 /* AcomCDU.swift in Sources */ = {isa = PBXBuildFile; fileRef = 52F3BD1C22B6275A00F7F367 /* AcomCDU.swift */; };
		52F3BD4422B6275A00F7F367 /* AcomRmkCDU.swift in Sources */ = {isa = PBXBuildFile; fileRef = 52F3BD1D22B6275A00F7F367 /* AcomRmkCDU.swift */; };
		52F3BD4522B6275A00F7F367 /* GenCDU.swift in Sources */ = {isa = PBXBuildFile; fileRef = 52F3BD1E22B6275A00F7F367 /* GenCDU.swift */; };
		52F3BD4622B6275A00F7F367 /* TrmParCDU.swift in Sources */ = {isa = PBXBuildFile; fileRef = 52F3BD1F22B6275A00F7F367 /* TrmParCDU.swift */; };
		52F3BD4722B6275A00F7F367 /* TrmClbCDU.swift in Sources */ = {isa = PBXBuildFile; fileRef = 52F3BD2022B6275A00F7F367 /* TrmClbCDU.swift */; };
		52F3BD4822B6275A00F7F367 /* TrmMsaCDU.swift in Sources */ = {isa = PBXBuildFile; fileRef = 52F3BD2122B6275A00F7F367 /* TrmMsaCDU.swift */; };
		52F3BD4922B6275A00F7F367 /* FueloilCDU.swift in Sources */ = {isa = PBXBuildFile; fileRef = 52F3BD2222B6275A00F7F367 /* FueloilCDU.swift */; };
		52F3BD4A22B6275A00F7F367 /* IlsCDU.swift in Sources */ = {isa = PBXBuildFile; fileRef = 52F3BD2322B6275A00F7F367 /* IlsCDU.swift */; };
		52F3BD4B22B6275A00F7F367 /* TrmMinCDU.swift in Sources */ = {isa = PBXBuildFile; fileRef = 52F3BD2422B6275A00F7F367 /* TrmMinCDU.swift */; };
		52F3BD4C22B6275A00F7F367 /* AgearCDU.swift in Sources */ = {isa = PBXBuildFile; fileRef = 52F3BD2522B6275A00F7F367 /* AgearCDU.swift */; };
		52F3BD4D22B6275A00F7F367 /* TrmRmk.swift in Sources */ = {isa = PBXBuildFile; fileRef = 52F3BD2722B6275A00F7F367 /* TrmRmk.swift */; };
		52F3BD4E22B6275A00F7F367 /* AddRwy.swift in Sources */ = {isa = PBXBuildFile; fileRef = 52F3BD2822B6275A00F7F367 /* AddRwy.swift */; };
		52F3BD4F22B6275A00F7F367 /* SvcRmk.swift in Sources */ = {isa = PBXBuildFile; fileRef = 52F3BD2922B6275A00F7F367 /* SvcRmk.swift */; };
		52F3BD5022B6275A00F7F367 /* Rwy.swift in Sources */ = {isa = PBXBuildFile; fileRef = 52F3BD2A22B6275A00F7F367 /* Rwy.swift */; };
		52F3BD5122B6275A00F7F367 /* AcomRmk.swift in Sources */ = {isa = PBXBuildFile; fileRef = 52F3BD2B22B6275A00F7F367 /* AcomRmk.swift */; };
		52F3BD5222B6275A00F7F367 /* Anav.swift in Sources */ = {isa = PBXBuildFile; fileRef = 52F3BD2C22B6275A00F7F367 /* Anav.swift */; };
		52F3BD5322B6275A00F7F367 /* TrmMin.swift in Sources */ = {isa = PBXBuildFile; fileRef = 52F3BD2D22B6275A00F7F367 /* TrmMin.swift */; };
		52F3BD5422B6275A00F7F367 /* TrmPar.swift in Sources */ = {isa = PBXBuildFile; fileRef = 52F3BD2E22B6275A00F7F367 /* TrmPar.swift */; };
		52F3BD5522B6275A00F7F367 /* Gen.swift in Sources */ = {isa = PBXBuildFile; fileRef = 52F3BD2F22B6275A00F7F367 /* Gen.swift */; };
		52F3BD5622B6275A00F7F367 /* TrmSeg.swift in Sources */ = {isa = PBXBuildFile; fileRef = 52F3BD3022B6275A00F7F367 /* TrmSeg.swift */; };
		52F3BD5722B6275A00F7F367 /* Fueloil.swift in Sources */ = {isa = PBXBuildFile; fileRef = 52F3BD3122B6275A00F7F367 /* Fueloil.swift */; };
		52F3BD5822B6275A00F7F367 /* Nav.swift in Sources */ = {isa = PBXBuildFile; fileRef = 52F3BD3222B6275A00F7F367 /* Nav.swift */; };
		52F3BD5922B6275A00F7F367 /* TrmClb.swift in Sources */ = {isa = PBXBuildFile; fileRef = 52F3BD3322B6275A00F7F367 /* TrmClb.swift */; };
		52F3BD5A22B6275A00F7F367 /* Arpt.swift in Sources */ = {isa = PBXBuildFile; fileRef = 52F3BD3422B6275A00F7F367 /* Arpt.swift */; };
		52F3BD5B22B6275A00F7F367 /* TrmMsa.swift in Sources */ = {isa = PBXBuildFile; fileRef = 52F3BD3522B6275A00F7F367 /* TrmMsa.swift */; };
		52F3BD5C22B6275A00F7F367 /* Ils.swift in Sources */ = {isa = PBXBuildFile; fileRef = 52F3BD3622B6275A00F7F367 /* Ils.swift */; };
		52F3BD5D22B6275A00F7F367 /* Acom.swift in Sources */ = {isa = PBXBuildFile; fileRef = 52F3BD3722B6275A00F7F367 /* Acom.swift */; };
		52F3BD5E22B6275A00F7F367 /* Agear.swift in Sources */ = {isa = PBXBuildFile; fileRef = 52F3BD3822B6275A00F7F367 /* Agear.swift */; };
		52F3BD8322B6276B00F7F367 /* Agear_CD+CoreDataClass.swift in Sources */ = {isa = PBXBuildFile; fileRef = 52F3BD5F22B6276B00F7F367 /* Agear_CD+CoreDataClass.swift */; };
		52F3BD8422B6276B00F7F367 /* Agear_CD+CoreDataProperties.swift in Sources */ = {isa = PBXBuildFile; fileRef = 52F3BD6022B6276B00F7F367 /* Agear_CD+CoreDataProperties.swift */; };
		52F3BD8522B6276B00F7F367 /* Arpt_CD+CoreDataClass.swift in Sources */ = {isa = PBXBuildFile; fileRef = 52F3BD6122B6276B00F7F367 /* Arpt_CD+CoreDataClass.swift */; };
		52F3BD8622B6276B00F7F367 /* Arpt_CD+CoreDataProperties.swift in Sources */ = {isa = PBXBuildFile; fileRef = 52F3BD6222B6276B00F7F367 /* Arpt_CD+CoreDataProperties.swift */; };
		52F3BD8722B6276B00F7F367 /* TrmPar_CD+CoreDataClass.swift in Sources */ = {isa = PBXBuildFile; fileRef = 52F3BD6322B6276B00F7F367 /* TrmPar_CD+CoreDataClass.swift */; };
		52F3BD8822B6276B00F7F367 /* TrmPar_CD+CoreDataProperties.swift in Sources */ = {isa = PBXBuildFile; fileRef = 52F3BD6422B6276B00F7F367 /* TrmPar_CD+CoreDataProperties.swift */; };
		52F3BD8922B6276B00F7F367 /* TrmRmk_CD+CoreDataClass.swift in Sources */ = {isa = PBXBuildFile; fileRef = 52F3BD6522B6276B00F7F367 /* TrmRmk_CD+CoreDataClass.swift */; };
		52F3BD8A22B6276B00F7F367 /* TrmRmk_CD+CoreDataProperties.swift in Sources */ = {isa = PBXBuildFile; fileRef = 52F3BD6622B6276B00F7F367 /* TrmRmk_CD+CoreDataProperties.swift */; };
		52F3BD8B22B6276B00F7F367 /* Acom_CD+CoreDataClass.swift in Sources */ = {isa = PBXBuildFile; fileRef = 52F3BD6722B6276B00F7F367 /* Acom_CD+CoreDataClass.swift */; };
		52F3BD8C22B6276B00F7F367 /* Acom_CD+CoreDataProperties.swift in Sources */ = {isa = PBXBuildFile; fileRef = 52F3BD6822B6276B00F7F367 /* Acom_CD+CoreDataProperties.swift */; };
		52F3BD8D22B6276B00F7F367 /* TrmClb_CD+CoreDataClass.swift in Sources */ = {isa = PBXBuildFile; fileRef = 52F3BD6922B6276B00F7F367 /* TrmClb_CD+CoreDataClass.swift */; };
		52F3BD8E22B6276B00F7F367 /* TrmClb_CD+CoreDataProperties.swift in Sources */ = {isa = PBXBuildFile; fileRef = 52F3BD6A22B6276B00F7F367 /* TrmClb_CD+CoreDataProperties.swift */; };
		52F3BD8F22B6276B00F7F367 /* TrmMin_CD+CoreDataClass.swift in Sources */ = {isa = PBXBuildFile; fileRef = 52F3BD6B22B6276B00F7F367 /* TrmMin_CD+CoreDataClass.swift */; };
		52F3BD9022B6276B00F7F367 /* TrmMin_CD+CoreDataProperties.swift in Sources */ = {isa = PBXBuildFile; fileRef = 52F3BD6C22B6276B00F7F367 /* TrmMin_CD+CoreDataProperties.swift */; };
		52F3BD9122B6276B00F7F367 /* Anav_CD+CoreDataClass.swift in Sources */ = {isa = PBXBuildFile; fileRef = 52F3BD6D22B6276B00F7F367 /* Anav_CD+CoreDataClass.swift */; };
		52F3BD9222B6276B00F7F367 /* Anav_CD+CoreDataProperties.swift in Sources */ = {isa = PBXBuildFile; fileRef = 52F3BD6E22B6276B00F7F367 /* Anav_CD+CoreDataProperties.swift */; };
		52F3BD9322B6276B00F7F367 /* Fueloil_CD+CoreDataClass.swift in Sources */ = {isa = PBXBuildFile; fileRef = 52F3BD6F22B6276B00F7F367 /* Fueloil_CD+CoreDataClass.swift */; };
		52F3BD9422B6276B00F7F367 /* Fueloil_CD+CoreDataProperties.swift in Sources */ = {isa = PBXBuildFile; fileRef = 52F3BD7022B6276B00F7F367 /* Fueloil_CD+CoreDataProperties.swift */; };
		52F3BD9522B6276B00F7F367 /* Gen_CD+CoreDataClass.swift in Sources */ = {isa = PBXBuildFile; fileRef = 52F3BD7122B6276B00F7F367 /* Gen_CD+CoreDataClass.swift */; };
		52F3BD9622B6276B00F7F367 /* Gen_CD+CoreDataProperties.swift in Sources */ = {isa = PBXBuildFile; fileRef = 52F3BD7222B6276B00F7F367 /* Gen_CD+CoreDataProperties.swift */; };
		52F3BD9722B6276B00F7F367 /* Nav_CD+CoreDataClass.swift in Sources */ = {isa = PBXBuildFile; fileRef = 52F3BD7322B6276B00F7F367 /* Nav_CD+CoreDataClass.swift */; };
		52F3BD9822B6276B00F7F367 /* Nav_CD+CoreDataProperties.swift in Sources */ = {isa = PBXBuildFile; fileRef = 52F3BD7422B6276B00F7F367 /* Nav_CD+CoreDataProperties.swift */; };
		52F3BD9922B6276B00F7F367 /* Rwy_CD+CoreDataClass.swift in Sources */ = {isa = PBXBuildFile; fileRef = 52F3BD7522B6276B00F7F367 /* Rwy_CD+CoreDataClass.swift */; };
		52F3BD9A22B6276B00F7F367 /* Rwy_CD+CoreDataProperties.swift in Sources */ = {isa = PBXBuildFile; fileRef = 52F3BD7622B6276B00F7F367 /* Rwy_CD+CoreDataProperties.swift */; };
		52F3BD9B22B6276B00F7F367 /* SvcRmk_CD+CoreDataClass.swift in Sources */ = {isa = PBXBuildFile; fileRef = 52F3BD7722B6276B00F7F367 /* SvcRmk_CD+CoreDataClass.swift */; };
		52F3BD9C22B6276B00F7F367 /* SvcRmk_CD+CoreDataProperties.swift in Sources */ = {isa = PBXBuildFile; fileRef = 52F3BD7822B6276B00F7F367 /* SvcRmk_CD+CoreDataProperties.swift */; };
		52F3BD9D22B6276B00F7F367 /* Ils_CD+CoreDataClass.swift in Sources */ = {isa = PBXBuildFile; fileRef = 52F3BD7922B6276B00F7F367 /* Ils_CD+CoreDataClass.swift */; };
		52F3BD9E22B6276B00F7F367 /* Ils_CD+CoreDataProperties.swift in Sources */ = {isa = PBXBuildFile; fileRef = 52F3BD7A22B6276B00F7F367 /* Ils_CD+CoreDataProperties.swift */; };
		52F3BD9F22B6276B00F7F367 /* AcomRmk_CD+CoreDataClass.swift in Sources */ = {isa = PBXBuildFile; fileRef = 52F3BD7B22B6276B00F7F367 /* AcomRmk_CD+CoreDataClass.swift */; };
		52F3BDA022B6276B00F7F367 /* AcomRmk_CD+CoreDataProperties.swift in Sources */ = {isa = PBXBuildFile; fileRef = 52F3BD7C22B6276B00F7F367 /* AcomRmk_CD+CoreDataProperties.swift */; };
		52F3BDA122B6276B00F7F367 /* TrmSeg_CD+CoreDataClass.swift in Sources */ = {isa = PBXBuildFile; fileRef = 52F3BD7D22B6276B00F7F367 /* TrmSeg_CD+CoreDataClass.swift */; };
		52F3BDA222B6276B00F7F367 /* TrmSeg_CD+CoreDataProperties.swift in Sources */ = {isa = PBXBuildFile; fileRef = 52F3BD7E22B6276B00F7F367 /* TrmSeg_CD+CoreDataProperties.swift */; };
		52F3BDA322B6276B00F7F367 /* TrmMsa_CD+CoreDataClass.swift in Sources */ = {isa = PBXBuildFile; fileRef = 52F3BD7F22B6276B00F7F367 /* TrmMsa_CD+CoreDataClass.swift */; };
		52F3BDA422B6276B00F7F367 /* TrmMsa_CD+CoreDataProperties.swift in Sources */ = {isa = PBXBuildFile; fileRef = 52F3BD8022B6276B00F7F367 /* TrmMsa_CD+CoreDataProperties.swift */; };
		52F3BDA522B6276B00F7F367 /* AddRwy_CD+CoreDataClass.swift in Sources */ = {isa = PBXBuildFile; fileRef = 52F3BD8122B6276B00F7F367 /* AddRwy_CD+CoreDataClass.swift */; };
		52F3BDA622B6276B00F7F367 /* AddRwy_CD+CoreDataProperties.swift in Sources */ = {isa = PBXBuildFile; fileRef = 52F3BD8222B6276B00F7F367 /* AddRwy_CD+CoreDataProperties.swift */; };
		52F3BDA822B6281A00F7F367 /* Zip.framework in Frameworks */ = {isa = PBXBuildFile; fileRef = 52F3BDA722B6281A00F7F367 /* Zip.framework */; };
		52F3BDA922B6281A00F7F367 /* Zip.framework in Embed Frameworks */ = {isa = PBXBuildFile; fileRef = 52F3BDA722B6281A00F7F367 /* Zip.framework */; settings = {ATTRIBUTES = (CodeSignOnCopy, RemoveHeadersOnCopy, ); }; };
		52F3BDB622B6295A00F7F367 /* AddsWeatherAPI.swift in Sources */ = {isa = PBXBuildFile; fileRef = 52F3BDAD22B6295A00F7F367 /* AddsWeatherAPI.swift */; };
		52F3BDB722B6295A00F7F367 /* MetarParser.swift in Sources */ = {isa = PBXBuildFile; fileRef = 52F3BDAF22B6295A00F7F367 /* MetarParser.swift */; };
		52F3BDB822B6295A00F7F367 /* MetarDownLoader.swift in Sources */ = {isa = PBXBuildFile; fileRef = 52F3BDB022B6295A00F7F367 /* MetarDownLoader.swift */; };
		52F3BDB922B6295A00F7F367 /* Metar.swift in Sources */ = {isa = PBXBuildFile; fileRef = 52F3BDB122B6295A00F7F367 /* Metar.swift */; };
		52F3BDBA22B6295A00F7F367 /* Taf.swift in Sources */ = {isa = PBXBuildFile; fileRef = 52F3BDB322B6295A00F7F367 /* Taf.swift */; };
		52F3BDBB22B6295A00F7F367 /* TafDownloader.swift in Sources */ = {isa = PBXBuildFile; fileRef = 52F3BDB422B6295A00F7F367 /* TafDownloader.swift */; };
		52F3BDBC22B6295A00F7F367 /* TafParser.swift in Sources */ = {isa = PBXBuildFile; fileRef = 52F3BDB522B6295A00F7F367 /* TafParser.swift */; };
		52F3BDBE22B62B9900F7F367 /* Observable.swift in Sources */ = {isa = PBXBuildFile; fileRef = 52F3BDBD22B62B9900F7F367 /* Observable.swift */; };
		A0F29026F28889D03B301A51 /* Pods_SOF.framework in Frameworks */ = {isa = PBXBuildFile; fileRef = 03899E28C8B7450084EDFE48 /* Pods_SOF.framework */; };
/* End PBXBuildFile section */

/* Begin PBXCopyFilesBuildPhase section */
		52F3BDAA22B6281B00F7F367 /* Embed Frameworks */ = {
			isa = PBXCopyFilesBuildPhase;
			buildActionMask = 2147483647;
			dstPath = "";
			dstSubfolderSpec = 10;
			files = (
				52F3BDA922B6281A00F7F367 /* Zip.framework in Embed Frameworks */,
			);
			name = "Embed Frameworks";
			runOnlyForDeploymentPostprocessing = 0;
		};
/* End PBXCopyFilesBuildPhase section */

/* Begin PBXFileReference section */
		03899E28C8B7450084EDFE48 /* Pods_SOF.framework */ = {isa = PBXFileReference; explicitFileType = wrapper.framework; includeInIndex = 0; path = Pods_SOF.framework; sourceTree = BUILT_PRODUCTS_DIR; };
		52277AC922AEF78A00CD45BE /* ArrayPicker.swift */ = {isa = PBXFileReference; fileEncoding = 4; lastKnownFileType = sourcecode.swift; path = ArrayPicker.swift; sourceTree = "<group>"; };
		52277ACD22AEF83900CD45BE /* PickerTextField.swift */ = {isa = PBXFileReference; lastKnownFileType = sourcecode.swift; path = PickerTextField.swift; sourceTree = "<group>"; };
		5242112522B7EA570066FB88 /* API.swift */ = {isa = PBXFileReference; fileEncoding = 4; lastKnownFileType = sourcecode.swift; path = API.swift; sourceTree = SOURCE_ROOT; };
		5242112822B7F4620066FB88 /* awsconfiguration.json */ = {isa = PBXFileReference; fileEncoding = 4; lastKnownFileType = text.json; path = awsconfiguration.json; sourceTree = "<group>"; };
		5242112A22B899810066FB88 /* EmergencyTab.storyboard */ = {isa = PBXFileReference; fileEncoding = 4; lastKnownFileType = file.storyboard; path = EmergencyTab.storyboard; sourceTree = "<group>"; };
		5242112C22B899E50066FB88 /* NormalOpsTab.storyboard */ = {isa = PBXFileReference; fileEncoding = 4; lastKnownFileType = file.storyboard; path = NormalOpsTab.storyboard; sourceTree = "<group>"; };
		5242113122B89BEA0066FB88 /* NormalOpsTabTableViewController.swift */ = {isa = PBXFileReference; lastKnownFileType = sourcecode.swift; path = NormalOpsTabTableViewController.swift; sourceTree = "<group>"; };
		5265457322BA979C00EA210E /* CheckInViewController.swift */ = {isa = PBXFileReference; lastKnownFileType = sourcecode.swift; path = CheckInViewController.swift; sourceTree = "<group>"; };
		5265457622BA99DF00EA210E /* UIViewController+Extension.swift */ = {isa = PBXFileReference; lastKnownFileType = sourcecode.swift; path = "UIViewController+Extension.swift"; sourceTree = "<group>"; };
		5294100E22BA9B6E008F05A0 /* Double+Extension.swift */ = {isa = PBXFileReference; lastKnownFileType = sourcecode.swift; path = "Double+Extension.swift"; sourceTree = "<group>"; };
		5294101022BA9BAD008F05A0 /* UIButton+Extension.swift */ = {isa = PBXFileReference; lastKnownFileType = sourcecode.swift; path = "UIButton+Extension.swift"; sourceTree = "<group>"; };
		5294101222BA9BC9008F05A0 /* UIColor+Extension.swift */ = {isa = PBXFileReference; lastKnownFileType = sourcecode.swift; path = "UIColor+Extension.swift"; sourceTree = "<group>"; };
		5294101422BA9BE3008F05A0 /* UIView+Extension.swift */ = {isa = PBXFileReference; lastKnownFileType = sourcecode.swift; path = "UIView+Extension.swift"; sourceTree = "<group>"; };
		529630D822AC37E600CAD9BC /* Main.storyboard */ = {isa = PBXFileReference; lastKnownFileType = file.storyboard; path = Main.storyboard; sourceTree = "<group>"; };
		529630DC22AC3A5300CAD9BC /* EmergencyTabModel.swift */ = {isa = PBXFileReference; lastKnownFileType = sourcecode.swift; path = EmergencyTabModel.swift; sourceTree = "<group>"; };
		529630DE22AC3AFB00CAD9BC /* NormalTabModel.swift */ = {isa = PBXFileReference; lastKnownFileType = sourcecode.swift; path = NormalTabModel.swift; sourceTree = "<group>"; };
		529630E022AC876100CAD9BC /* U2Status.swift */ = {isa = PBXFileReference; lastKnownFileType = sourcecode.swift; path = U2Status.swift; sourceTree = "<group>"; };
		529630E222AC876E00CAD9BC /* T38Status.swift */ = {isa = PBXFileReference; lastKnownFileType = sourcecode.swift; path = T38Status.swift; sourceTree = "<group>"; };
		529630E422AC877B00CAD9BC /* RQ4Status.swift */ = {isa = PBXFileReference; lastKnownFileType = sourcecode.swift; path = RQ4Status.swift; sourceTree = "<group>"; };
		52AD6D1922B7C1DB0077FC91 /* NotamAPI.swift */ = {isa = PBXFileReference; lastKnownFileType = sourcecode.swift; path = NotamAPI.swift; sourceTree = "<group>"; };
		52AD6D1B22B7C5C10077FC91 /* NotamDownLoader.swift */ = {isa = PBXFileReference; lastKnownFileType = sourcecode.swift; path = NotamDownLoader.swift; sourceTree = "<group>"; };
		52AD6D1D22B7C6770077FC91 /* Notam.swift */ = {isa = PBXFileReference; lastKnownFileType = sourcecode.swift; path = Notam.swift; sourceTree = "<group>"; };
		52D0952722AC3649008A236B /* SOF.app */ = {isa = PBXFileReference; explicitFileType = wrapper.application; includeInIndex = 0; path = SOF.app; sourceTree = BUILT_PRODUCTS_DIR; };
		52D0952A22AC3649008A236B /* AppDelegate.swift */ = {isa = PBXFileReference; lastKnownFileType = sourcecode.swift; path = AppDelegate.swift; sourceTree = "<group>"; };
		52D0953222AC3649008A236B /* SOF.xcdatamodel */ = {isa = PBXFileReference; lastKnownFileType = wrapper.xcdatamodel; path = SOF.xcdatamodel; sourceTree = "<group>"; };
		52D0953422AC364A008A236B /* Assets.xcassets */ = {isa = PBXFileReference; lastKnownFileType = folder.assetcatalog; path = Assets.xcassets; sourceTree = "<group>"; };
		52D0953722AC364A008A236B /* Base */ = {isa = PBXFileReference; lastKnownFileType = file.storyboard; name = Base; path = Base.lproj/LaunchScreen.storyboard; sourceTree = "<group>"; };
		52D0953922AC364A008A236B /* Info.plist */ = {isa = PBXFileReference; lastKnownFileType = text.plist.xml; path = Info.plist; sourceTree = "<group>"; };
		52D0954022AC3714008A236B /* MainTabBarController.swift */ = {isa = PBXFileReference; fileEncoding = 4; lastKnownFileType = sourcecode.swift; path = MainTabBarController.swift; sourceTree = "<group>"; };
		52D0954122AC3714008A236B /* DetailViewController.swift */ = {isa = PBXFileReference; fileEncoding = 4; lastKnownFileType = sourcecode.swift; path = DetailViewController.swift; sourceTree = "<group>"; };
		52D0954822AC372D008A236B /* OtherMasterModel.swift */ = {isa = PBXFileReference; fileEncoding = 4; lastKnownFileType = sourcecode.swift; path = OtherMasterModel.swift; sourceTree = "<group>"; };
		52F3BCF322B6268500F7F367 /* CoreDataXML.swift */ = {isa = PBXFileReference; fileEncoding = 4; lastKnownFileType = sourcecode.swift; path = CoreDataXML.swift; sourceTree = "<group>"; };
		52F3BCF422B6268500F7F367 /* SwiftDecoders.swift */ = {isa = PBXFileReference; fileEncoding = 4; lastKnownFileType = sourcecode.swift; path = SwiftDecoders.swift; sourceTree = "<group>"; };
		52F3BCF522B6268500F7F367 /* Enums.swift */ = {isa = PBXFileReference; fileEncoding = 4; lastKnownFileType = sourcecode.swift; path = Enums.swift; sourceTree = "<group>"; };
		52F3BCF622B6268500F7F367 /* UnzipDAFIF8.swift */ = {isa = PBXFileReference; fileEncoding = 4; lastKnownFileType = sourcecode.swift; path = UnzipDAFIF8.swift; sourceTree = "<group>"; };
		52F3BCF722B6268500F7F367 /* CDUCreator.swift */ = {isa = PBXFileReference; fileEncoding = 4; lastKnownFileType = sourcecode.swift; path = CDUCreator.swift; sourceTree = "<group>"; };
		52F3BCF822B6268600F7F367 /* Downloader.swift */ = {isa = PBXFileReference; fileEncoding = 4; lastKnownFileType = sourcecode.swift; path = Downloader.swift; sourceTree = "<group>"; };
		52F3BCF922B6268600F7F367 /* CoreDataStackCreator.swift */ = {isa = PBXFileReference; fileEncoding = 4; lastKnownFileType = sourcecode.swift; path = CoreDataStackCreator.swift; sourceTree = "<group>"; };
		52F3BCFA22B6268600F7F367 /* DAFIFDataController.swift */ = {isa = PBXFileReference; fileEncoding = 4; lastKnownFileType = sourcecode.swift; path = DAFIFDataController.swift; sourceTree = "<group>"; };
		52F3BCFB22B6268600F7F367 /* DPCopier.swift */ = {isa = PBXFileReference; fileEncoding = 4; lastKnownFileType = sourcecode.swift; path = DPCopier.swift; sourceTree = "<group>"; };
		52F3BCFC22B6268600F7F367 /* JSONFromDAFFIF.swift */ = {isa = PBXFileReference; fileEncoding = 4; lastKnownFileType = sourcecode.swift; path = JSONFromDAFFIF.swift; sourceTree = "<group>"; };
		52F3BD0722B6269500F7F367 /* String+Extension.swift */ = {isa = PBXFileReference; fileEncoding = 4; lastKnownFileType = sourcecode.swift; path = "String+Extension.swift"; sourceTree = "<group>"; };
		52F3BD0822B6269500F7F367 /* FileNames+Extension.swift */ = {isa = PBXFileReference; fileEncoding = 4; lastKnownFileType = sourcecode.swift; path = "FileNames+Extension.swift"; sourceTree = "<group>"; };
		52F3BD0922B6269500F7F367 /* URL+Extension.swift */ = {isa = PBXFileReference; fileEncoding = 4; lastKnownFileType = sourcecode.swift; path = "URL+Extension.swift"; sourceTree = "<group>"; };
		52F3BD1122B6275A00F7F367 /* DAFIF.xcdatamodel */ = {isa = PBXFileReference; lastKnownFileType = wrapper.xcdatamodel; path = DAFIF.xcdatamodel; sourceTree = "<group>"; };
		52F3BD1222B6275A00F7F367 /* DAFIFCDStack.swift */ = {isa = PBXFileReference; fileEncoding = 4; lastKnownFileType = sourcecode.swift; name = DAFIFCDStack.swift; path = SOF/DAFIF_JSON/DAFIFCDStack.swift; sourceTree = SOURCE_ROOT; };
		52F3BD1422B6275A00F7F367 /* NavCDU.swift */ = {isa = PBXFileReference; fileEncoding = 4; lastKnownFileType = sourcecode.swift; path = NavCDU.swift; sourceTree = "<group>"; };
		52F3BD1522B6275A00F7F367 /* ArptCDU.swift */ = {isa = PBXFileReference; fileEncoding = 4; lastKnownFileType = sourcecode.swift; path = ArptCDU.swift; sourceTree = "<group>"; };
		52F3BD1622B6275A00F7F367 /* TrmSegCDU.swift */ = {isa = PBXFileReference; fileEncoding = 4; lastKnownFileType = sourcecode.swift; path = TrmSegCDU.swift; sourceTree = "<group>"; };
		52F3BD1722B6275A00F7F367 /* SvcRmkCDU.swift */ = {isa = PBXFileReference; fileEncoding = 4; lastKnownFileType = sourcecode.swift; path = SvcRmkCDU.swift; sourceTree = "<group>"; };
		52F3BD1822B6275A00F7F367 /* TrmRmkCDU.swift */ = {isa = PBXFileReference; fileEncoding = 4; lastKnownFileType = sourcecode.swift; path = TrmRmkCDU.swift; sourceTree = "<group>"; };
		52F3BD1922B6275A00F7F367 /* AnavCDU.swift */ = {isa = PBXFileReference; fileEncoding = 4; lastKnownFileType = sourcecode.swift; path = AnavCDU.swift; sourceTree = "<group>"; };
		52F3BD1A22B6275A00F7F367 /* RwyCDU.swift */ = {isa = PBXFileReference; fileEncoding = 4; lastKnownFileType = sourcecode.swift; path = RwyCDU.swift; sourceTree = "<group>"; };
		52F3BD1B22B6275A00F7F367 /* AddRwyCDU.swift */ = {isa = PBXFileReference; fileEncoding = 4; lastKnownFileType = sourcecode.swift; path = AddRwyCDU.swift; sourceTree = "<group>"; };
		52F3BD1C22B6275A00F7F367 /* AcomCDU.swift */ = {isa = PBXFileReference; fileEncoding = 4; lastKnownFileType = sourcecode.swift; path = AcomCDU.swift; sourceTree = "<group>"; };
		52F3BD1D22B6275A00F7F367 /* AcomRmkCDU.swift */ = {isa = PBXFileReference; fileEncoding = 4; lastKnownFileType = sourcecode.swift; path = AcomRmkCDU.swift; sourceTree = "<group>"; };
		52F3BD1E22B6275A00F7F367 /* GenCDU.swift */ = {isa = PBXFileReference; fileEncoding = 4; lastKnownFileType = sourcecode.swift; path = GenCDU.swift; sourceTree = "<group>"; };
		52F3BD1F22B6275A00F7F367 /* TrmParCDU.swift */ = {isa = PBXFileReference; fileEncoding = 4; lastKnownFileType = sourcecode.swift; path = TrmParCDU.swift; sourceTree = "<group>"; };
		52F3BD2022B6275A00F7F367 /* TrmClbCDU.swift */ = {isa = PBXFileReference; fileEncoding = 4; lastKnownFileType = sourcecode.swift; path = TrmClbCDU.swift; sourceTree = "<group>"; };
		52F3BD2122B6275A00F7F367 /* TrmMsaCDU.swift */ = {isa = PBXFileReference; fileEncoding = 4; lastKnownFileType = sourcecode.swift; path = TrmMsaCDU.swift; sourceTree = "<group>"; };
		52F3BD2222B6275A00F7F367 /* FueloilCDU.swift */ = {isa = PBXFileReference; fileEncoding = 4; lastKnownFileType = sourcecode.swift; path = FueloilCDU.swift; sourceTree = "<group>"; };
		52F3BD2322B6275A00F7F367 /* IlsCDU.swift */ = {isa = PBXFileReference; fileEncoding = 4; lastKnownFileType = sourcecode.swift; path = IlsCDU.swift; sourceTree = "<group>"; };
		52F3BD2422B6275A00F7F367 /* TrmMinCDU.swift */ = {isa = PBXFileReference; fileEncoding = 4; lastKnownFileType = sourcecode.swift; path = TrmMinCDU.swift; sourceTree = "<group>"; };
		52F3BD2522B6275A00F7F367 /* AgearCDU.swift */ = {isa = PBXFileReference; fileEncoding = 4; lastKnownFileType = sourcecode.swift; path = AgearCDU.swift; sourceTree = "<group>"; };
		52F3BD2722B6275A00F7F367 /* TrmRmk.swift */ = {isa = PBXFileReference; fileEncoding = 4; lastKnownFileType = sourcecode.swift; path = TrmRmk.swift; sourceTree = "<group>"; };
		52F3BD2822B6275A00F7F367 /* AddRwy.swift */ = {isa = PBXFileReference; fileEncoding = 4; lastKnownFileType = sourcecode.swift; path = AddRwy.swift; sourceTree = "<group>"; };
		52F3BD2922B6275A00F7F367 /* SvcRmk.swift */ = {isa = PBXFileReference; fileEncoding = 4; lastKnownFileType = sourcecode.swift; path = SvcRmk.swift; sourceTree = "<group>"; };
		52F3BD2A22B6275A00F7F367 /* Rwy.swift */ = {isa = PBXFileReference; fileEncoding = 4; lastKnownFileType = sourcecode.swift; path = Rwy.swift; sourceTree = "<group>"; };
		52F3BD2B22B6275A00F7F367 /* AcomRmk.swift */ = {isa = PBXFileReference; fileEncoding = 4; lastKnownFileType = sourcecode.swift; path = AcomRmk.swift; sourceTree = "<group>"; };
		52F3BD2C22B6275A00F7F367 /* Anav.swift */ = {isa = PBXFileReference; fileEncoding = 4; lastKnownFileType = sourcecode.swift; path = Anav.swift; sourceTree = "<group>"; };
		52F3BD2D22B6275A00F7F367 /* TrmMin.swift */ = {isa = PBXFileReference; fileEncoding = 4; lastKnownFileType = sourcecode.swift; path = TrmMin.swift; sourceTree = "<group>"; };
		52F3BD2E22B6275A00F7F367 /* TrmPar.swift */ = {isa = PBXFileReference; fileEncoding = 4; lastKnownFileType = sourcecode.swift; path = TrmPar.swift; sourceTree = "<group>"; };
		52F3BD2F22B6275A00F7F367 /* Gen.swift */ = {isa = PBXFileReference; fileEncoding = 4; lastKnownFileType = sourcecode.swift; path = Gen.swift; sourceTree = "<group>"; };
		52F3BD3022B6275A00F7F367 /* TrmSeg.swift */ = {isa = PBXFileReference; fileEncoding = 4; lastKnownFileType = sourcecode.swift; path = TrmSeg.swift; sourceTree = "<group>"; };
		52F3BD3122B6275A00F7F367 /* Fueloil.swift */ = {isa = PBXFileReference; fileEncoding = 4; lastKnownFileType = sourcecode.swift; path = Fueloil.swift; sourceTree = "<group>"; };
		52F3BD3222B6275A00F7F367 /* Nav.swift */ = {isa = PBXFileReference; fileEncoding = 4; lastKnownFileType = sourcecode.swift; path = Nav.swift; sourceTree = "<group>"; };
		52F3BD3322B6275A00F7F367 /* TrmClb.swift */ = {isa = PBXFileReference; fileEncoding = 4; lastKnownFileType = sourcecode.swift; path = TrmClb.swift; sourceTree = "<group>"; };
		52F3BD3422B6275A00F7F367 /* Arpt.swift */ = {isa = PBXFileReference; fileEncoding = 4; lastKnownFileType = sourcecode.swift; path = Arpt.swift; sourceTree = "<group>"; };
		52F3BD3522B6275A00F7F367 /* TrmMsa.swift */ = {isa = PBXFileReference; fileEncoding = 4; lastKnownFileType = sourcecode.swift; path = TrmMsa.swift; sourceTree = "<group>"; };
		52F3BD3622B6275A00F7F367 /* Ils.swift */ = {isa = PBXFileReference; fileEncoding = 4; lastKnownFileType = sourcecode.swift; path = Ils.swift; sourceTree = "<group>"; };
		52F3BD3722B6275A00F7F367 /* Acom.swift */ = {isa = PBXFileReference; fileEncoding = 4; lastKnownFileType = sourcecode.swift; path = Acom.swift; sourceTree = "<group>"; };
		52F3BD3822B6275A00F7F367 /* Agear.swift */ = {isa = PBXFileReference; fileEncoding = 4; lastKnownFileType = sourcecode.swift; path = Agear.swift; sourceTree = "<group>"; };
		52F3BD5F22B6276B00F7F367 /* Agear_CD+CoreDataClass.swift */ = {isa = PBXFileReference; lastKnownFileType = sourcecode.swift; path = "Agear_CD+CoreDataClass.swift"; sourceTree = "<group>"; };
		52F3BD6022B6276B00F7F367 /* Agear_CD+CoreDataProperties.swift */ = {isa = PBXFileReference; lastKnownFileType = sourcecode.swift; path = "Agear_CD+CoreDataProperties.swift"; sourceTree = "<group>"; };
		52F3BD6122B6276B00F7F367 /* Arpt_CD+CoreDataClass.swift */ = {isa = PBXFileReference; lastKnownFileType = sourcecode.swift; path = "Arpt_CD+CoreDataClass.swift"; sourceTree = "<group>"; };
		52F3BD6222B6276B00F7F367 /* Arpt_CD+CoreDataProperties.swift */ = {isa = PBXFileReference; lastKnownFileType = sourcecode.swift; path = "Arpt_CD+CoreDataProperties.swift"; sourceTree = "<group>"; };
		52F3BD6322B6276B00F7F367 /* TrmPar_CD+CoreDataClass.swift */ = {isa = PBXFileReference; lastKnownFileType = sourcecode.swift; path = "TrmPar_CD+CoreDataClass.swift"; sourceTree = "<group>"; };
		52F3BD6422B6276B00F7F367 /* TrmPar_CD+CoreDataProperties.swift */ = {isa = PBXFileReference; lastKnownFileType = sourcecode.swift; path = "TrmPar_CD+CoreDataProperties.swift"; sourceTree = "<group>"; };
		52F3BD6522B6276B00F7F367 /* TrmRmk_CD+CoreDataClass.swift */ = {isa = PBXFileReference; lastKnownFileType = sourcecode.swift; path = "TrmRmk_CD+CoreDataClass.swift"; sourceTree = "<group>"; };
		52F3BD6622B6276B00F7F367 /* TrmRmk_CD+CoreDataProperties.swift */ = {isa = PBXFileReference; lastKnownFileType = sourcecode.swift; path = "TrmRmk_CD+CoreDataProperties.swift"; sourceTree = "<group>"; };
		52F3BD6722B6276B00F7F367 /* Acom_CD+CoreDataClass.swift */ = {isa = PBXFileReference; lastKnownFileType = sourcecode.swift; path = "Acom_CD+CoreDataClass.swift"; sourceTree = "<group>"; };
		52F3BD6822B6276B00F7F367 /* Acom_CD+CoreDataProperties.swift */ = {isa = PBXFileReference; lastKnownFileType = sourcecode.swift; path = "Acom_CD+CoreDataProperties.swift"; sourceTree = "<group>"; };
		52F3BD6922B6276B00F7F367 /* TrmClb_CD+CoreDataClass.swift */ = {isa = PBXFileReference; lastKnownFileType = sourcecode.swift; path = "TrmClb_CD+CoreDataClass.swift"; sourceTree = "<group>"; };
		52F3BD6A22B6276B00F7F367 /* TrmClb_CD+CoreDataProperties.swift */ = {isa = PBXFileReference; lastKnownFileType = sourcecode.swift; path = "TrmClb_CD+CoreDataProperties.swift"; sourceTree = "<group>"; };
		52F3BD6B22B6276B00F7F367 /* TrmMin_CD+CoreDataClass.swift */ = {isa = PBXFileReference; lastKnownFileType = sourcecode.swift; path = "TrmMin_CD+CoreDataClass.swift"; sourceTree = "<group>"; };
		52F3BD6C22B6276B00F7F367 /* TrmMin_CD+CoreDataProperties.swift */ = {isa = PBXFileReference; lastKnownFileType = sourcecode.swift; path = "TrmMin_CD+CoreDataProperties.swift"; sourceTree = "<group>"; };
		52F3BD6D22B6276B00F7F367 /* Anav_CD+CoreDataClass.swift */ = {isa = PBXFileReference; lastKnownFileType = sourcecode.swift; path = "Anav_CD+CoreDataClass.swift"; sourceTree = "<group>"; };
		52F3BD6E22B6276B00F7F367 /* Anav_CD+CoreDataProperties.swift */ = {isa = PBXFileReference; lastKnownFileType = sourcecode.swift; path = "Anav_CD+CoreDataProperties.swift"; sourceTree = "<group>"; };
		52F3BD6F22B6276B00F7F367 /* Fueloil_CD+CoreDataClass.swift */ = {isa = PBXFileReference; lastKnownFileType = sourcecode.swift; path = "Fueloil_CD+CoreDataClass.swift"; sourceTree = "<group>"; };
		52F3BD7022B6276B00F7F367 /* Fueloil_CD+CoreDataProperties.swift */ = {isa = PBXFileReference; lastKnownFileType = sourcecode.swift; path = "Fueloil_CD+CoreDataProperties.swift"; sourceTree = "<group>"; };
		52F3BD7122B6276B00F7F367 /* Gen_CD+CoreDataClass.swift */ = {isa = PBXFileReference; lastKnownFileType = sourcecode.swift; path = "Gen_CD+CoreDataClass.swift"; sourceTree = "<group>"; };
		52F3BD7222B6276B00F7F367 /* Gen_CD+CoreDataProperties.swift */ = {isa = PBXFileReference; lastKnownFileType = sourcecode.swift; path = "Gen_CD+CoreDataProperties.swift"; sourceTree = "<group>"; };
		52F3BD7322B6276B00F7F367 /* Nav_CD+CoreDataClass.swift */ = {isa = PBXFileReference; lastKnownFileType = sourcecode.swift; path = "Nav_CD+CoreDataClass.swift"; sourceTree = "<group>"; };
		52F3BD7422B6276B00F7F367 /* Nav_CD+CoreDataProperties.swift */ = {isa = PBXFileReference; lastKnownFileType = sourcecode.swift; path = "Nav_CD+CoreDataProperties.swift"; sourceTree = "<group>"; };
		52F3BD7522B6276B00F7F367 /* Rwy_CD+CoreDataClass.swift */ = {isa = PBXFileReference; lastKnownFileType = sourcecode.swift; path = "Rwy_CD+CoreDataClass.swift"; sourceTree = "<group>"; };
		52F3BD7622B6276B00F7F367 /* Rwy_CD+CoreDataProperties.swift */ = {isa = PBXFileReference; lastKnownFileType = sourcecode.swift; path = "Rwy_CD+CoreDataProperties.swift"; sourceTree = "<group>"; };
		52F3BD7722B6276B00F7F367 /* SvcRmk_CD+CoreDataClass.swift */ = {isa = PBXFileReference; lastKnownFileType = sourcecode.swift; path = "SvcRmk_CD+CoreDataClass.swift"; sourceTree = "<group>"; };
		52F3BD7822B6276B00F7F367 /* SvcRmk_CD+CoreDataProperties.swift */ = {isa = PBXFileReference; lastKnownFileType = sourcecode.swift; path = "SvcRmk_CD+CoreDataProperties.swift"; sourceTree = "<group>"; };
		52F3BD7922B6276B00F7F367 /* Ils_CD+CoreDataClass.swift */ = {isa = PBXFileReference; lastKnownFileType = sourcecode.swift; path = "Ils_CD+CoreDataClass.swift"; sourceTree = "<group>"; };
		52F3BD7A22B6276B00F7F367 /* Ils_CD+CoreDataProperties.swift */ = {isa = PBXFileReference; lastKnownFileType = sourcecode.swift; path = "Ils_CD+CoreDataProperties.swift"; sourceTree = "<group>"; };
		52F3BD7B22B6276B00F7F367 /* AcomRmk_CD+CoreDataClass.swift */ = {isa = PBXFileReference; lastKnownFileType = sourcecode.swift; path = "AcomRmk_CD+CoreDataClass.swift"; sourceTree = "<group>"; };
		52F3BD7C22B6276B00F7F367 /* AcomRmk_CD+CoreDataProperties.swift */ = {isa = PBXFileReference; lastKnownFileType = sourcecode.swift; path = "AcomRmk_CD+CoreDataProperties.swift"; sourceTree = "<group>"; };
		52F3BD7D22B6276B00F7F367 /* TrmSeg_CD+CoreDataClass.swift */ = {isa = PBXFileReference; lastKnownFileType = sourcecode.swift; path = "TrmSeg_CD+CoreDataClass.swift"; sourceTree = "<group>"; };
		52F3BD7E22B6276B00F7F367 /* TrmSeg_CD+CoreDataProperties.swift */ = {isa = PBXFileReference; lastKnownFileType = sourcecode.swift; path = "TrmSeg_CD+CoreDataProperties.swift"; sourceTree = "<group>"; };
		52F3BD7F22B6276B00F7F367 /* TrmMsa_CD+CoreDataClass.swift */ = {isa = PBXFileReference; lastKnownFileType = sourcecode.swift; path = "TrmMsa_CD+CoreDataClass.swift"; sourceTree = "<group>"; };
		52F3BD8022B6276B00F7F367 /* TrmMsa_CD+CoreDataProperties.swift */ = {isa = PBXFileReference; lastKnownFileType = sourcecode.swift; path = "TrmMsa_CD+CoreDataProperties.swift"; sourceTree = "<group>"; };
		52F3BD8122B6276B00F7F367 /* AddRwy_CD+CoreDataClass.swift */ = {isa = PBXFileReference; lastKnownFileType = sourcecode.swift; path = "AddRwy_CD+CoreDataClass.swift"; sourceTree = "<group>"; };
		52F3BD8222B6276B00F7F367 /* AddRwy_CD+CoreDataProperties.swift */ = {isa = PBXFileReference; lastKnownFileType = sourcecode.swift; path = "AddRwy_CD+CoreDataProperties.swift"; sourceTree = "<group>"; };
		52F3BDA722B6281A00F7F367 /* Zip.framework */ = {isa = PBXFileReference; lastKnownFileType = wrapper.framework; name = Zip.framework; path = Carthage/Build/iOS/Zip.framework; sourceTree = "<group>"; };
		52F3BDAD22B6295A00F7F367 /* AddsWeatherAPI.swift */ = {isa = PBXFileReference; fileEncoding = 4; lastKnownFileType = sourcecode.swift; path = AddsWeatherAPI.swift; sourceTree = "<group>"; };
		52F3BDAF22B6295A00F7F367 /* MetarParser.swift */ = {isa = PBXFileReference; fileEncoding = 4; lastKnownFileType = sourcecode.swift; path = MetarParser.swift; sourceTree = "<group>"; };
		52F3BDB022B6295A00F7F367 /* MetarDownLoader.swift */ = {isa = PBXFileReference; fileEncoding = 4; lastKnownFileType = sourcecode.swift; path = MetarDownLoader.swift; sourceTree = "<group>"; };
		52F3BDB122B6295A00F7F367 /* Metar.swift */ = {isa = PBXFileReference; fileEncoding = 4; lastKnownFileType = sourcecode.swift; path = Metar.swift; sourceTree = "<group>"; };
		52F3BDB322B6295A00F7F367 /* Taf.swift */ = {isa = PBXFileReference; fileEncoding = 4; lastKnownFileType = sourcecode.swift; path = Taf.swift; sourceTree = "<group>"; };
		52F3BDB422B6295A00F7F367 /* TafDownloader.swift */ = {isa = PBXFileReference; fileEncoding = 4; lastKnownFileType = sourcecode.swift; path = TafDownloader.swift; sourceTree = "<group>"; };
		52F3BDB522B6295A00F7F367 /* TafParser.swift */ = {isa = PBXFileReference; fileEncoding = 4; lastKnownFileType = sourcecode.swift; path = TafParser.swift; sourceTree = "<group>"; };
		52F3BDBD22B62B9900F7F367 /* Observable.swift */ = {isa = PBXFileReference; lastKnownFileType = sourcecode.swift; path = Observable.swift; sourceTree = "<group>"; };
		5F3D044F1D26955BCA7B57EC /* Pods-SOF.debug.xcconfig */ = {isa = PBXFileReference; includeInIndex = 1; lastKnownFileType = text.xcconfig; name = "Pods-SOF.debug.xcconfig"; path = "Target Support Files/Pods-SOF/Pods-SOF.debug.xcconfig"; sourceTree = "<group>"; };
		CA44E6E9A49FCF06641DA7A9 /* Pods-SOF.release.xcconfig */ = {isa = PBXFileReference; includeInIndex = 1; lastKnownFileType = text.xcconfig; name = "Pods-SOF.release.xcconfig"; path = "Target Support Files/Pods-SOF/Pods-SOF.release.xcconfig"; sourceTree = "<group>"; };
/* End PBXFileReference section */

/* Begin PBXFrameworksBuildPhase section */
		52D0952422AC3649008A236B /* Frameworks */ = {
			isa = PBXFrameworksBuildPhase;
			buildActionMask = 2147483647;
			files = (
				52F3BDA822B6281A00F7F367 /* Zip.framework in Frameworks */,
				A0F29026F28889D03B301A51 /* Pods_SOF.framework in Frameworks */,
			);
			runOnlyForDeploymentPostprocessing = 0;
		};
/* End PBXFrameworksBuildPhase section */

/* Begin PBXGroup section */
		5242112422B7EA420066FB88 /* AWS */ = {
			isa = PBXGroup;
			children = (
				5242112522B7EA570066FB88 /* API.swift */,
			);
			path = AWS;
			sourceTree = "<group>";
		};
		5242112F22B89AE10066FB88 /* NormalOpsTabSB */ = {
			isa = PBXGroup;
			children = (
				52D0954122AC3714008A236B /* DetailViewController.swift */,
				5242113122B89BEA0066FB88 /* NormalOpsTabTableViewController.swift */,
				5265457322BA979C00EA210E /* CheckInViewController.swift */,
			);
			path = NormalOpsTabSB;
			sourceTree = "<group>";
		};
		5242113022B89AF10066FB88 /* EmergencyTabSB */ = {
			isa = PBXGroup;
			children = (
			);
			path = EmergencyTabSB;
			sourceTree = "<group>";
		};
		5265457222BA588C00EA210E /* PickerSpecial */ = {
			isa = PBXGroup;
			children = (
				52277AC922AEF78A00CD45BE /* ArrayPicker.swift */,
				52277ACD22AEF83900CD45BE /* PickerTextField.swift */,
			);
			path = PickerSpecial;
			sourceTree = "<group>";
		};
		5265457522BA99C600EA210E /* Utilities */ = {
			isa = PBXGroup;
			children = (
				5265457622BA99DF00EA210E /* UIViewController+Extension.swift */,
				5294100E22BA9B6E008F05A0 /* Double+Extension.swift */,
				5294101022BA9BAD008F05A0 /* UIButton+Extension.swift */,
				5294101222BA9BC9008F05A0 /* UIColor+Extension.swift */,
				5294101422BA9BE3008F05A0 /* UIView+Extension.swift */,
			);
			path = Utilities;
			sourceTree = "<group>";
		};
		529630E622AC878300CAD9BC /* Status */ = {
			isa = PBXGroup;
			children = (
				529630E022AC876100CAD9BC /* U2Status.swift */,
				529630E222AC876E00CAD9BC /* T38Status.swift */,
				529630E422AC877B00CAD9BC /* RQ4Status.swift */,
			);
			path = Status;
			sourceTree = "<group>";
		};
		52AD6D1F22B7DDDC0077FC91 /* Notams */ = {
			isa = PBXGroup;
			children = (
				52AD6D1922B7C1DB0077FC91 /* NotamAPI.swift */,
				52AD6D1B22B7C5C10077FC91 /* NotamDownLoader.swift */,
				52AD6D1D22B7C6770077FC91 /* Notam.swift */,
			);
			path = Notams;
			sourceTree = "<group>";
		};
		52D0951E22AC3649008A236B = {
			isa = PBXGroup;
			children = (
				5242112822B7F4620066FB88 /* awsconfiguration.json */,
				52F3BDA722B6281A00F7F367 /* Zip.framework */,
				52D0952922AC3649008A236B /* SOF */,
				52D0952822AC3649008A236B /* Products */,
				58F43ACA28CD83E78A43674C /* Pods */,
				A2B8D271A340F2BE676A1AAD /* Frameworks */,
			);
			sourceTree = "<group>";
		};
		52D0952822AC3649008A236B /* Products */ = {
			isa = PBXGroup;
			children = (
				52D0952722AC3649008A236B /* SOF.app */,
			);
			name = Products;
			sourceTree = "<group>";
		};
		52D0952922AC3649008A236B /* SOF */ = {
			isa = PBXGroup;
			children = (
				5265457522BA99C600EA210E /* Utilities */,
				52D0952A22AC3649008A236B /* AppDelegate.swift */,
				52D0953922AC364A008A236B /* Info.plist */,
				52D0953422AC364A008A236B /* Assets.xcassets */,
				52D0954D22AC373C008A236B /* Model */,
				52D0954E22AC374D008A236B /* Controller */,
				52D0955022AC3774008A236B /* View */,
			);
			path = SOF;
			sourceTree = "<group>";
		};
		52D0954D22AC373C008A236B /* Model */ = {
			isa = PBXGroup;
			children = (
				5242112422B7EA420066FB88 /* AWS */,
				52AD6D1F22B7DDDC0077FC91 /* Notams */,
				52F3BDAC22B6295A00F7F367 /* Weather */,
				52F3BCF222B6267300F7F367 /* DAFIF Processor */,
				52F3BCF022B6260600F7F367 /* CoreData */,
				52D0954822AC372D008A236B /* OtherMasterModel.swift */,
				529630DE22AC3AFB00CAD9BC /* NormalTabModel.swift */,
				529630DC22AC3A5300CAD9BC /* EmergencyTabModel.swift */,
				529630E622AC878300CAD9BC /* Status */,
				52F3BDBD22B62B9900F7F367 /* Observable.swift */,
			);
			path = Model;
			sourceTree = "<group>";
		};
		52D0954E22AC374D008A236B /* Controller */ = {
			isa = PBXGroup;
			children = (
				52D0954022AC3714008A236B /* MainTabBarController.swift */,
				5265457222BA588C00EA210E /* PickerSpecial */,
				5242113022B89AF10066FB88 /* EmergencyTabSB */,
				5242112F22B89AE10066FB88 /* NormalOpsTabSB */,
			);
			path = Controller;
			sourceTree = "<group>";
		};
		52D0954F22AC3762008A236B /* UnusedStack */ = {
			isa = PBXGroup;
			children = (
				52D0953122AC3649008A236B /* SOF.xcdatamodeld */,
			);
			path = UnusedStack;
			sourceTree = "<group>";
		};
		52D0955022AC3774008A236B /* View */ = {
			isa = PBXGroup;
			children = (
				529630D822AC37E600CAD9BC /* Main.storyboard */,
				5242112C22B899E50066FB88 /* NormalOpsTab.storyboard */,
				5242112A22B899810066FB88 /* EmergencyTab.storyboard */,
				52D0953622AC364A008A236B /* LaunchScreen.storyboard */,
			);
			path = View;
			sourceTree = "<group>";
		};
		52F3BCF022B6260600F7F367 /* CoreData */ = {
			isa = PBXGroup;
			children = (
				52F3BD1022B6275A00F7F367 /* DAFIF.xcdatamodeld */,
				52F3BD1222B6275A00F7F367 /* DAFIFCDStack.swift */,
				52F3BD1322B6275A00F7F367 /* SwiftCoreDataUtilities */,
				52F3BD2622B6275A00F7F367 /* SwiftDecoders */,
				52F3BCF122B6261600F7F367 /* Entities */,
				52D0954F22AC3762008A236B /* UnusedStack */,
			);
			path = CoreData;
			sourceTree = "<group>";
		};
		52F3BCF122B6261600F7F367 /* Entities */ = {
			isa = PBXGroup;
			children = (
				52F3BD5F22B6276B00F7F367 /* Agear_CD+CoreDataClass.swift */,
				52F3BD6022B6276B00F7F367 /* Agear_CD+CoreDataProperties.swift */,
				52F3BD6122B6276B00F7F367 /* Arpt_CD+CoreDataClass.swift */,
				52F3BD6222B6276B00F7F367 /* Arpt_CD+CoreDataProperties.swift */,
				52F3BD6322B6276B00F7F367 /* TrmPar_CD+CoreDataClass.swift */,
				52F3BD6422B6276B00F7F367 /* TrmPar_CD+CoreDataProperties.swift */,
				52F3BD6522B6276B00F7F367 /* TrmRmk_CD+CoreDataClass.swift */,
				52F3BD6622B6276B00F7F367 /* TrmRmk_CD+CoreDataProperties.swift */,
				52F3BD6722B6276B00F7F367 /* Acom_CD+CoreDataClass.swift */,
				52F3BD6822B6276B00F7F367 /* Acom_CD+CoreDataProperties.swift */,
				52F3BD6922B6276B00F7F367 /* TrmClb_CD+CoreDataClass.swift */,
				52F3BD6A22B6276B00F7F367 /* TrmClb_CD+CoreDataProperties.swift */,
				52F3BD6B22B6276B00F7F367 /* TrmMin_CD+CoreDataClass.swift */,
				52F3BD6C22B6276B00F7F367 /* TrmMin_CD+CoreDataProperties.swift */,
				52F3BD6D22B6276B00F7F367 /* Anav_CD+CoreDataClass.swift */,
				52F3BD6E22B6276B00F7F367 /* Anav_CD+CoreDataProperties.swift */,
				52F3BD6F22B6276B00F7F367 /* Fueloil_CD+CoreDataClass.swift */,
				52F3BD7022B6276B00F7F367 /* Fueloil_CD+CoreDataProperties.swift */,
				52F3BD7122B6276B00F7F367 /* Gen_CD+CoreDataClass.swift */,
				52F3BD7222B6276B00F7F367 /* Gen_CD+CoreDataProperties.swift */,
				52F3BD7322B6276B00F7F367 /* Nav_CD+CoreDataClass.swift */,
				52F3BD7422B6276B00F7F367 /* Nav_CD+CoreDataProperties.swift */,
				52F3BD7522B6276B00F7F367 /* Rwy_CD+CoreDataClass.swift */,
				52F3BD7622B6276B00F7F367 /* Rwy_CD+CoreDataProperties.swift */,
				52F3BD7722B6276B00F7F367 /* SvcRmk_CD+CoreDataClass.swift */,
				52F3BD7822B6276B00F7F367 /* SvcRmk_CD+CoreDataProperties.swift */,
				52F3BD7922B6276B00F7F367 /* Ils_CD+CoreDataClass.swift */,
				52F3BD7A22B6276B00F7F367 /* Ils_CD+CoreDataProperties.swift */,
				52F3BD7B22B6276B00F7F367 /* AcomRmk_CD+CoreDataClass.swift */,
				52F3BD7C22B6276B00F7F367 /* AcomRmk_CD+CoreDataProperties.swift */,
				52F3BD7D22B6276B00F7F367 /* TrmSeg_CD+CoreDataClass.swift */,
				52F3BD7E22B6276B00F7F367 /* TrmSeg_CD+CoreDataProperties.swift */,
				52F3BD7F22B6276B00F7F367 /* TrmMsa_CD+CoreDataClass.swift */,
				52F3BD8022B6276B00F7F367 /* TrmMsa_CD+CoreDataProperties.swift */,
				52F3BD8122B6276B00F7F367 /* AddRwy_CD+CoreDataClass.swift */,
				52F3BD8222B6276B00F7F367 /* AddRwy_CD+CoreDataProperties.swift */,
			);
			path = Entities;
			sourceTree = "<group>";
		};
		52F3BCF222B6267300F7F367 /* DAFIF Processor */ = {
			isa = PBXGroup;
			children = (
				52F3BCFA22B6268600F7F367 /* DAFIFDataController.swift */,
				52F3BCF722B6268500F7F367 /* CDUCreator.swift */,
				52F3BCF922B6268600F7F367 /* CoreDataStackCreator.swift */,
				52F3BCF322B6268500F7F367 /* CoreDataXML.swift */,
				52F3BCF822B6268600F7F367 /* Downloader.swift */,
				52F3BCFB22B6268600F7F367 /* DPCopier.swift */,
				52F3BCF522B6268500F7F367 /* Enums.swift */,
				52F3BCFC22B6268600F7F367 /* JSONFromDAFFIF.swift */,
				52F3BCF422B6268500F7F367 /* SwiftDecoders.swift */,
				52F3BCF622B6268500F7F367 /* UnzipDAFIF8.swift */,
				52F3BD0F22B6269F00F7F367 /* Extensions */,
			);
			path = "DAFIF Processor";
			sourceTree = "<group>";
		};
		52F3BD0F22B6269F00F7F367 /* Extensions */ = {
			isa = PBXGroup;
			children = (
				52F3BD0822B6269500F7F367 /* FileNames+Extension.swift */,
				52F3BD0722B6269500F7F367 /* String+Extension.swift */,
				52F3BD0922B6269500F7F367 /* URL+Extension.swift */,
			);
			path = Extensions;
			sourceTree = "<group>";
		};
		52F3BD1322B6275A00F7F367 /* SwiftCoreDataUtilities */ = {
			isa = PBXGroup;
			children = (
				52F3BD1422B6275A00F7F367 /* NavCDU.swift */,
				52F3BD1522B6275A00F7F367 /* ArptCDU.swift */,
				52F3BD1622B6275A00F7F367 /* TrmSegCDU.swift */,
				52F3BD1722B6275A00F7F367 /* SvcRmkCDU.swift */,
				52F3BD1822B6275A00F7F367 /* TrmRmkCDU.swift */,
				52F3BD1922B6275A00F7F367 /* AnavCDU.swift */,
				52F3BD1A22B6275A00F7F367 /* RwyCDU.swift */,
				52F3BD1B22B6275A00F7F367 /* AddRwyCDU.swift */,
				52F3BD1C22B6275A00F7F367 /* AcomCDU.swift */,
				52F3BD1D22B6275A00F7F367 /* AcomRmkCDU.swift */,
				52F3BD1E22B6275A00F7F367 /* GenCDU.swift */,
				52F3BD1F22B6275A00F7F367 /* TrmParCDU.swift */,
				52F3BD2022B6275A00F7F367 /* TrmClbCDU.swift */,
				52F3BD2122B6275A00F7F367 /* TrmMsaCDU.swift */,
				52F3BD2222B6275A00F7F367 /* FueloilCDU.swift */,
				52F3BD2322B6275A00F7F367 /* IlsCDU.swift */,
				52F3BD2422B6275A00F7F367 /* TrmMinCDU.swift */,
				52F3BD2522B6275A00F7F367 /* AgearCDU.swift */,
			);
			name = SwiftCoreDataUtilities;
			path = SOF/DAFIF_JSON/SwiftCoreDataUtilities;
			sourceTree = SOURCE_ROOT;
		};
		52F3BD2622B6275A00F7F367 /* SwiftDecoders */ = {
			isa = PBXGroup;
			children = (
				52F3BD2722B6275A00F7F367 /* TrmRmk.swift */,
				52F3BD2822B6275A00F7F367 /* AddRwy.swift */,
				52F3BD2922B6275A00F7F367 /* SvcRmk.swift */,
				52F3BD2A22B6275A00F7F367 /* Rwy.swift */,
				52F3BD2B22B6275A00F7F367 /* AcomRmk.swift */,
				52F3BD2C22B6275A00F7F367 /* Anav.swift */,
				52F3BD2D22B6275A00F7F367 /* TrmMin.swift */,
				52F3BD2E22B6275A00F7F367 /* TrmPar.swift */,
				52F3BD2F22B6275A00F7F367 /* Gen.swift */,
				52F3BD3022B6275A00F7F367 /* TrmSeg.swift */,
				52F3BD3122B6275A00F7F367 /* Fueloil.swift */,
				52F3BD3222B6275A00F7F367 /* Nav.swift */,
				52F3BD3322B6275A00F7F367 /* TrmClb.swift */,
				52F3BD3422B6275A00F7F367 /* Arpt.swift */,
				52F3BD3522B6275A00F7F367 /* TrmMsa.swift */,
				52F3BD3622B6275A00F7F367 /* Ils.swift */,
				52F3BD3722B6275A00F7F367 /* Acom.swift */,
				52F3BD3822B6275A00F7F367 /* Agear.swift */,
			);
			name = SwiftDecoders;
			path = SOF/DAFIF_JSON/SwiftDecoders;
			sourceTree = SOURCE_ROOT;
		};
		52F3BDAC22B6295A00F7F367 /* Weather */ = {
			isa = PBXGroup;
			children = (
				52F3BDAD22B6295A00F7F367 /* AddsWeatherAPI.swift */,
				52F3BDAE22B6295A00F7F367 /* METAR */,
				52F3BDB222B6295A00F7F367 /* TAF */,
			);
			path = Weather;
			sourceTree = "<group>";
		};
		52F3BDAE22B6295A00F7F367 /* METAR */ = {
			isa = PBXGroup;
			children = (
				52F3BDAF22B6295A00F7F367 /* MetarParser.swift */,
				52F3BDB022B6295A00F7F367 /* MetarDownLoader.swift */,
				52F3BDB122B6295A00F7F367 /* Metar.swift */,
			);
			path = METAR;
			sourceTree = "<group>";
		};
		52F3BDB222B6295A00F7F367 /* TAF */ = {
			isa = PBXGroup;
			children = (
				52F3BDB322B6295A00F7F367 /* Taf.swift */,
				52F3BDB422B6295A00F7F367 /* TafDownloader.swift */,
				52F3BDB522B6295A00F7F367 /* TafParser.swift */,
			);
			path = TAF;
			sourceTree = "<group>";
		};
		58F43ACA28CD83E78A43674C /* Pods */ = {
			isa = PBXGroup;
			children = (
				5F3D044F1D26955BCA7B57EC /* Pods-SOF.debug.xcconfig */,
				CA44E6E9A49FCF06641DA7A9 /* Pods-SOF.release.xcconfig */,
			);
			path = Pods;
			sourceTree = "<group>";
		};
		A2B8D271A340F2BE676A1AAD /* Frameworks */ = {
			isa = PBXGroup;
			children = (
				03899E28C8B7450084EDFE48 /* Pods_SOF.framework */,
			);
			name = Frameworks;
			sourceTree = "<group>";
		};
/* End PBXGroup section */

/* Begin PBXNativeTarget section */
		52D0952622AC3649008A236B /* SOF */ = {
			isa = PBXNativeTarget;
			buildConfigurationList = 52D0953C22AC364A008A236B /* Build configuration list for PBXNativeTarget "SOF" */;
			buildPhases = (
				5FC15E6E618CED9A9DE93661 /* [CP] Check Pods Manifest.lock */,
				52D0952322AC3649008A236B /* Sources */,
				52D0952422AC3649008A236B /* Frameworks */,
				52D0952522AC3649008A236B /* Resources */,
				52F3BDAA22B6281B00F7F367 /* Embed Frameworks */,
				52F3BDAB22B6282800F7F367 /* ShellScript */,
				28B908868D9F51D03BA0E065 /* [CP] Embed Pods Frameworks */,
			);
			buildRules = (
			);
			dependencies = (
			);
			name = SOF;
			productName = SOF;
			productReference = 52D0952722AC3649008A236B /* SOF.app */;
			productType = "com.apple.product-type.application";
		};
/* End PBXNativeTarget section */

/* Begin PBXProject section */
		52D0951F22AC3649008A236B /* Project object */ = {
			isa = PBXProject;
			attributes = {
				LastSwiftUpdateCheck = 1020;
				LastUpgradeCheck = 1020;
				ORGANIZATIONNAME = "Matthew Elmore";
				TargetAttributes = {
					52D0952622AC3649008A236B = {
						CreatedOnToolsVersion = 10.2.1;
					};
				};
			};
			buildConfigurationList = 52D0952222AC3649008A236B /* Build configuration list for PBXProject "SOF" */;
			compatibilityVersion = "Xcode 9.3";
			developmentRegion = en;
			hasScannedForEncodings = 0;
			knownRegions = (
				en,
				Base,
			);
			mainGroup = 52D0951E22AC3649008A236B;
			productRefGroup = 52D0952822AC3649008A236B /* Products */;
			projectDirPath = "";
			projectRoot = "";
			targets = (
				52D0952622AC3649008A236B /* SOF */,
			);
		};
/* End PBXProject section */

/* Begin PBXResourcesBuildPhase section */
		52D0952522AC3649008A236B /* Resources */ = {
			isa = PBXResourcesBuildPhase;
			buildActionMask = 2147483647;
			files = (
				5242112B22B899810066FB88 /* EmergencyTab.storyboard in Resources */,
				5242112922B7F4620066FB88 /* awsconfiguration.json in Resources */,
				529630D922AC37E600CAD9BC /* Main.storyboard in Resources */,
				52D0953822AC364A008A236B /* LaunchScreen.storyboard in Resources */,
				52D0953522AC364A008A236B /* Assets.xcassets in Resources */,
				5242112D22B899E50066FB88 /* NormalOpsTab.storyboard in Resources */,
			);
			runOnlyForDeploymentPostprocessing = 0;
		};
/* End PBXResourcesBuildPhase section */

/* Begin PBXShellScriptBuildPhase section */
		28B908868D9F51D03BA0E065 /* [CP] Embed Pods Frameworks */ = {
			isa = PBXShellScriptBuildPhase;
			buildActionMask = 2147483647;
			files = (
			);
			inputFileListPaths = (
				"${PODS_ROOT}/Target Support Files/Pods-SOF/Pods-SOF-frameworks-${CONFIGURATION}-input-files.xcfilelist",
			);
			name = "[CP] Embed Pods Frameworks";
			outputFileListPaths = (
				"${PODS_ROOT}/Target Support Files/Pods-SOF/Pods-SOF-frameworks-${CONFIGURATION}-output-files.xcfilelist",
			);
			runOnlyForDeploymentPostprocessing = 0;
			shellPath = /bin/sh;
			shellScript = "\"${PODS_ROOT}/Target Support Files/Pods-SOF/Pods-SOF-frameworks.sh\"\n";
			showEnvVarsInLog = 0;
		};
		52F3BDAB22B6282800F7F367 /* ShellScript */ = {
			isa = PBXShellScriptBuildPhase;
			buildActionMask = 2147483647;
			files = (
			);
			inputFileListPaths = (
			);
			inputPaths = (
				"$(SRCROOT)/Carthage/Build/iOS/Zip.framework",
			);
			outputFileListPaths = (
			);
			outputPaths = (
			);
			runOnlyForDeploymentPostprocessing = 0;
			shellPath = /bin/sh;
			shellScript = "# Type a script or drag a script file from your workspace to insert its path.\n/usr/local/bin/carthage copy-frameworks\n";
		};
		5FC15E6E618CED9A9DE93661 /* [CP] Check Pods Manifest.lock */ = {
			isa = PBXShellScriptBuildPhase;
			buildActionMask = 2147483647;
			files = (
			);
			inputFileListPaths = (
			);
			inputPaths = (
				"${PODS_PODFILE_DIR_PATH}/Podfile.lock",
				"${PODS_ROOT}/Manifest.lock",
			);
			name = "[CP] Check Pods Manifest.lock";
			outputFileListPaths = (
			);
			outputPaths = (
				"$(DERIVED_FILE_DIR)/Pods-SOF-checkManifestLockResult.txt",
			);
			runOnlyForDeploymentPostprocessing = 0;
			shellPath = /bin/sh;
			shellScript = "diff \"${PODS_PODFILE_DIR_PATH}/Podfile.lock\" \"${PODS_ROOT}/Manifest.lock\" > /dev/null\nif [ $? != 0 ] ; then\n    # print error to STDERR\n    echo \"error: The sandbox is not in sync with the Podfile.lock. Run 'pod install' or update your CocoaPods installation.\" >&2\n    exit 1\nfi\n# This output is used by Xcode 'outputs' to avoid re-running this script phase.\necho \"SUCCESS\" > \"${SCRIPT_OUTPUT_FILE_0}\"\n";
			showEnvVarsInLog = 0;
		};
/* End PBXShellScriptBuildPhase section */

/* Begin PBXSourcesBuildPhase section */
		52D0952322AC3649008A236B /* Sources */ = {
			isa = PBXSourcesBuildPhase;
			buildActionMask = 2147483647;
			files = (
				52F3BD4622B6275A00F7F367 /* TrmParCDU.swift in Sources */,
				52F3BD5222B6275A00F7F367 /* Anav.swift in Sources */,
				52F3BD4A22B6275A00F7F367 /* IlsCDU.swift in Sources */,
				52F3BD4F22B6275A00F7F367 /* SvcRmk.swift in Sources */,
				52F3BD0522B6268600F7F367 /* DPCopier.swift in Sources */,
				52F3BD0C22B6269500F7F367 /* FileNames+Extension.swift in Sources */,
				52F3BD3A22B6275A00F7F367 /* DAFIFCDStack.swift in Sources */,
				52F3BD3922B6275A00F7F367 /* DAFIF.xcdatamodeld in Sources */,
				52F3BD5722B6275A00F7F367 /* Fueloil.swift in Sources */,
				52F3BCFF22B6268600F7F367 /* Enums.swift in Sources */,
				52F3BD9A22B6276B00F7F367 /* Rwy_CD+CoreDataProperties.swift in Sources */,
				52F3BD9622B6276B00F7F367 /* Gen_CD+CoreDataProperties.swift in Sources */,
				52F3BD3C22B6275A00F7F367 /* ArptCDU.swift in Sources */,
				5242112622B7EA570066FB88 /* API.swift in Sources */,
				52F3BD5322B6275A00F7F367 /* TrmMin.swift in Sources */,
				52F3BD4C22B6275A00F7F367 /* AgearCDU.swift in Sources */,
				52F3BD5522B6275A00F7F367 /* Gen.swift in Sources */,
				52F3BDA022B6276B00F7F367 /* AcomRmk_CD+CoreDataProperties.swift in Sources */,
				5294101522BA9BE3008F05A0 /* UIView+Extension.swift in Sources */,
				52F3BD9722B6276B00F7F367 /* Nav_CD+CoreDataClass.swift in Sources */,
				52F3BDBA22B6295A00F7F367 /* Taf.swift in Sources */,
				52F3BDA522B6276B00F7F367 /* AddRwy_CD+CoreDataClass.swift in Sources */,
				52F3BD4722B6275A00F7F367 /* TrmClbCDU.swift in Sources */,
				52D0954B22AC372D008A236B /* OtherMasterModel.swift in Sources */,
				52F3BD9022B6276B00F7F367 /* TrmMin_CD+CoreDataProperties.swift in Sources */,
				52F3BDB622B6295A00F7F367 /* AddsWeatherAPI.swift in Sources */,
				52F3BD8922B6276B00F7F367 /* TrmRmk_CD+CoreDataClass.swift in Sources */,
				529630E322AC876E00CAD9BC /* T38Status.swift in Sources */,
				52F3BD8A22B6276B00F7F367 /* TrmRmk_CD+CoreDataProperties.swift in Sources */,
				52F3BD5E22B6275A00F7F367 /* Agear.swift in Sources */,
				52F3BD9F22B6276B00F7F367 /* AcomRmk_CD+CoreDataClass.swift in Sources */,
				52F3BD0322B6268600F7F367 /* CoreDataStackCreator.swift in Sources */,
				52F3BD9222B6276B00F7F367 /* Anav_CD+CoreDataProperties.swift in Sources */,
				52F3BD9822B6276B00F7F367 /* Nav_CD+CoreDataProperties.swift in Sources */,
				52F3BD0B22B6269500F7F367 /* String+Extension.swift in Sources */,
				52F3BD5422B6275A00F7F367 /* TrmPar.swift in Sources */,
				52F3BDA322B6276B00F7F367 /* TrmMsa_CD+CoreDataClass.swift in Sources */,
				52F3BD8B22B6276B00F7F367 /* Acom_CD+CoreDataClass.swift in Sources */,
				52F3BDBB22B6295A00F7F367 /* TafDownloader.swift in Sources */,
				5294100F22BA9B6E008F05A0 /* Double+Extension.swift in Sources */,
				52F3BD8F22B6276B00F7F367 /* TrmMin_CD+CoreDataClass.swift in Sources */,
				52F3BD5822B6275A00F7F367 /* Nav.swift in Sources */,
				529630DF22AC3AFB00CAD9BC /* NormalTabModel.swift in Sources */,
				52F3BD8622B6276B00F7F367 /* Arpt_CD+CoreDataProperties.swift in Sources */,
				52F3BD4222B6275A00F7F367 /* AddRwyCDU.swift in Sources */,
				52F3BD9122B6276B00F7F367 /* Anav_CD+CoreDataClass.swift in Sources */,
				529630E522AC877B00CAD9BC /* RQ4Status.swift in Sources */,
				52F3BD4422B6275A00F7F367 /* AcomRmkCDU.swift in Sources */,
				52F3BD9E22B6276B00F7F367 /* Ils_CD+CoreDataProperties.swift in Sources */,
				52D0954422AC3714008A236B /* MainTabBarController.swift in Sources */,
				52F3BCFD22B6268600F7F367 /* CoreDataXML.swift in Sources */,
				52F3BD0622B6268600F7F367 /* JSONFromDAFFIF.swift in Sources */,
				52F3BD9522B6276B00F7F367 /* Gen_CD+CoreDataClass.swift in Sources */,
				52F3BD0022B6268600F7F367 /* UnzipDAFIF8.swift in Sources */,
				5265457722BA99DF00EA210E /* UIViewController+Extension.swift in Sources */,
				52F3BD5D22B6275A00F7F367 /* Acom.swift in Sources */,
				52F3BDA422B6276B00F7F367 /* TrmMsa_CD+CoreDataProperties.swift in Sources */,
				52F3BD4B22B6275A00F7F367 /* TrmMinCDU.swift in Sources */,
				52F3BDB922B6295A00F7F367 /* Metar.swift in Sources */,
				52D0954522AC3714008A236B /* DetailViewController.swift in Sources */,
				5265457422BA979C00EA210E /* CheckInViewController.swift in Sources */,
				52F3BD4122B6275A00F7F367 /* RwyCDU.swift in Sources */,
				529630E122AC876100CAD9BC /* U2Status.swift in Sources */,
				529630DD22AC3A5300CAD9BC /* EmergencyTabModel.swift in Sources */,
				52F3BD9422B6276B00F7F367 /* Fueloil_CD+CoreDataProperties.swift in Sources */,
				52F3BD3D22B6275A00F7F367 /* TrmSegCDU.swift in Sources */,
				52F3BD5122B6275A00F7F367 /* AcomRmk.swift in Sources */,
				52F3BDBC22B6295A00F7F367 /* TafParser.swift in Sources */,
				52F3BD3F22B6275A00F7F367 /* TrmRmkCDU.swift in Sources */,
				52F3BD4522B6275A00F7F367 /* GenCDU.swift in Sources */,
				52F3BD8322B6276B00F7F367 /* Agear_CD+CoreDataClass.swift in Sources */,
				52F3BDA222B6276B00F7F367 /* TrmSeg_CD+CoreDataProperties.swift in Sources */,
				52F3BD5922B6275A00F7F367 /* TrmClb.swift in Sources */,
				52F3BD8C22B6276B00F7F367 /* Acom_CD+CoreDataProperties.swift in Sources */,
				52F3BD9922B6276B00F7F367 /* Rwy_CD+CoreDataClass.swift in Sources */,
				52F3BD8E22B6276B00F7F367 /* TrmClb_CD+CoreDataProperties.swift in Sources */,
				5294101322BA9BC9008F05A0 /* UIColor+Extension.swift in Sources */,
				52F3BD5A22B6275A00F7F367 /* Arpt.swift in Sources */,
				52F3BDA622B6276B00F7F367 /* AddRwy_CD+CoreDataProperties.swift in Sources */,
				52277ACE22AEF83900CD45BE /* PickerTextField.swift in Sources */,
				52F3BD4D22B6275A00F7F367 /* TrmRmk.swift in Sources */,
				52F3BD0422B6268600F7F367 /* DAFIFDataController.swift in Sources */,
				52F3BDBE22B62B9900F7F367 /* Observable.swift in Sources */,
				52F3BDA122B6276B00F7F367 /* TrmSeg_CD+CoreDataClass.swift in Sources */,
				52F3BD0D22B6269500F7F367 /* URL+Extension.swift in Sources */,
				52F3BD8722B6276B00F7F367 /* TrmPar_CD+CoreDataClass.swift in Sources */,
				52F3BD9D22B6276B00F7F367 /* Ils_CD+CoreDataClass.swift in Sources */,
				52AD6D1C22B7C5C10077FC91 /* NotamDownLoader.swift in Sources */,
				52F3BD0122B6268600F7F367 /* CDUCreator.swift in Sources */,
				52AD6D1A22B7C1DB0077FC91 /* NotamAPI.swift in Sources */,
				52F3BD5622B6275A00F7F367 /* TrmSeg.swift in Sources */,
				52F3BD4822B6275A00F7F367 /* TrmMsaCDU.swift in Sources */,
				52F3BD3B22B6275A00F7F367 /* NavCDU.swift in Sources */,
				52F3BD4E22B6275A00F7F367 /* AddRwy.swift in Sources */,
				52F3BD8822B6276B00F7F367 /* TrmPar_CD+CoreDataProperties.swift in Sources */,
				52F3BD4922B6275A00F7F367 /* FueloilCDU.swift in Sources */,
				52F3BDB822B6295A00F7F367 /* MetarDownLoader.swift in Sources */,
				52F3BD9B22B6276B00F7F367 /* SvcRmk_CD+CoreDataClass.swift in Sources */,
				52D0952B22AC3649008A236B /* AppDelegate.swift in Sources */,
				5294101122BA9BAD008F05A0 /* UIButton+Extension.swift in Sources */,
				52F3BDB722B6295A00F7F367 /* MetarParser.swift in Sources */,
				52D0953322AC3649008A236B /* SOF.xcdatamodeld in Sources */,
				52F3BD5022B6275A00F7F367 /* Rwy.swift in Sources */,
				52AD6D1E22B7C6770077FC91 /* Notam.swift in Sources */,
				52F3BD9C22B6276B00F7F367 /* SvcRmk_CD+CoreDataProperties.swift in Sources */,
				52F3BD4022B6275A00F7F367 /* AnavCDU.swift in Sources */,
				52F3BD8D22B6276B00F7F367 /* TrmClb_CD+CoreDataClass.swift in Sources */,
				52F3BD8522B6276B00F7F367 /* Arpt_CD+CoreDataClass.swift in Sources */,
				52F3BD9322B6276B00F7F367 /* Fueloil_CD+CoreDataClass.swift in Sources */,
				5242113222B89BEA0066FB88 /* NormalOpsTabTableViewController.swift in Sources */,
				52277ACA22AEF78A00CD45BE /* ArrayPicker.swift in Sources */,
				52F3BD5B22B6275A00F7F367 /* TrmMsa.swift in Sources */,
				52F3BD4322B6275A00F7F367 /* AcomCDU.swift in Sources */,
				52F3BD3E22B6275A00F7F367 /* SvcRmkCDU.swift in Sources */,
				52F3BD5C22B6275A00F7F367 /* Ils.swift in Sources */,
				52F3BD0222B6268600F7F367 /* Downloader.swift in Sources */,
				52F3BD8422B6276B00F7F367 /* Agear_CD+CoreDataProperties.swift in Sources */,
				52F3BCFE22B6268600F7F367 /* SwiftDecoders.swift in Sources */,
			);
			runOnlyForDeploymentPostprocessing = 0;
		};
/* End PBXSourcesBuildPhase section */

/* Begin PBXVariantGroup section */
		52D0953622AC364A008A236B /* LaunchScreen.storyboard */ = {
			isa = PBXVariantGroup;
			children = (
				52D0953722AC364A008A236B /* Base */,
			);
			name = LaunchScreen.storyboard;
			sourceTree = "<group>";
		};
/* End PBXVariantGroup section */

/* Begin XCBuildConfiguration section */
		52D0953A22AC364A008A236B /* Debug */ = {
			isa = XCBuildConfiguration;
			buildSettings = {
				ALWAYS_SEARCH_USER_PATHS = NO;
				CLANG_ANALYZER_NONNULL = YES;
				CLANG_ANALYZER_NUMBER_OBJECT_CONVERSION = YES_AGGRESSIVE;
				CLANG_CXX_LANGUAGE_STANDARD = "gnu++14";
				CLANG_CXX_LIBRARY = "libc++";
				CLANG_ENABLE_MODULES = YES;
				CLANG_ENABLE_OBJC_ARC = YES;
				CLANG_ENABLE_OBJC_WEAK = YES;
				CLANG_WARN_BLOCK_CAPTURE_AUTORELEASING = YES;
				CLANG_WARN_BOOL_CONVERSION = YES;
				CLANG_WARN_COMMA = YES;
				CLANG_WARN_CONSTANT_CONVERSION = YES;
				CLANG_WARN_DEPRECATED_OBJC_IMPLEMENTATIONS = YES;
				CLANG_WARN_DIRECT_OBJC_ISA_USAGE = YES_ERROR;
				CLANG_WARN_DOCUMENTATION_COMMENTS = YES;
				CLANG_WARN_EMPTY_BODY = YES;
				CLANG_WARN_ENUM_CONVERSION = YES;
				CLANG_WARN_INFINITE_RECURSION = YES;
				CLANG_WARN_INT_CONVERSION = YES;
				CLANG_WARN_NON_LITERAL_NULL_CONVERSION = YES;
				CLANG_WARN_OBJC_IMPLICIT_RETAIN_SELF = YES;
				CLANG_WARN_OBJC_LITERAL_CONVERSION = YES;
				CLANG_WARN_OBJC_ROOT_CLASS = YES_ERROR;
				CLANG_WARN_RANGE_LOOP_ANALYSIS = YES;
				CLANG_WARN_STRICT_PROTOTYPES = YES;
				CLANG_WARN_SUSPICIOUS_MOVE = YES;
				CLANG_WARN_UNGUARDED_AVAILABILITY = YES_AGGRESSIVE;
				CLANG_WARN_UNREACHABLE_CODE = YES;
				CLANG_WARN__DUPLICATE_METHOD_MATCH = YES;
				CODE_SIGN_IDENTITY = "iPhone Developer";
				COPY_PHASE_STRIP = NO;
				DEBUG_INFORMATION_FORMAT = dwarf;
				ENABLE_STRICT_OBJC_MSGSEND = YES;
				ENABLE_TESTABILITY = YES;
				GCC_C_LANGUAGE_STANDARD = gnu11;
				GCC_DYNAMIC_NO_PIC = NO;
				GCC_NO_COMMON_BLOCKS = YES;
				GCC_OPTIMIZATION_LEVEL = 0;
				GCC_PREPROCESSOR_DEFINITIONS = (
					"DEBUG=1",
					"$(inherited)",
				);
				GCC_WARN_64_TO_32_BIT_CONVERSION = YES;
				GCC_WARN_ABOUT_RETURN_TYPE = YES_ERROR;
				GCC_WARN_UNDECLARED_SELECTOR = YES;
				GCC_WARN_UNINITIALIZED_AUTOS = YES_AGGRESSIVE;
				GCC_WARN_UNUSED_FUNCTION = YES;
				GCC_WARN_UNUSED_VARIABLE = YES;
				IPHONEOS_DEPLOYMENT_TARGET = 12.2;
				MTL_ENABLE_DEBUG_INFO = INCLUDE_SOURCE;
				MTL_FAST_MATH = YES;
				ONLY_ACTIVE_ARCH = YES;
				SDKROOT = iphoneos;
				SWIFT_ACTIVE_COMPILATION_CONDITIONS = DEBUG;
				SWIFT_OPTIMIZATION_LEVEL = "-Onone";
			};
			name = Debug;
		};
		52D0953B22AC364A008A236B /* Release */ = {
			isa = XCBuildConfiguration;
			buildSettings = {
				ALWAYS_SEARCH_USER_PATHS = NO;
				CLANG_ANALYZER_NONNULL = YES;
				CLANG_ANALYZER_NUMBER_OBJECT_CONVERSION = YES_AGGRESSIVE;
				CLANG_CXX_LANGUAGE_STANDARD = "gnu++14";
				CLANG_CXX_LIBRARY = "libc++";
				CLANG_ENABLE_MODULES = YES;
				CLANG_ENABLE_OBJC_ARC = YES;
				CLANG_ENABLE_OBJC_WEAK = YES;
				CLANG_WARN_BLOCK_CAPTURE_AUTORELEASING = YES;
				CLANG_WARN_BOOL_CONVERSION = YES;
				CLANG_WARN_COMMA = YES;
				CLANG_WARN_CONSTANT_CONVERSION = YES;
				CLANG_WARN_DEPRECATED_OBJC_IMPLEMENTATIONS = YES;
				CLANG_WARN_DIRECT_OBJC_ISA_USAGE = YES_ERROR;
				CLANG_WARN_DOCUMENTATION_COMMENTS = YES;
				CLANG_WARN_EMPTY_BODY = YES;
				CLANG_WARN_ENUM_CONVERSION = YES;
				CLANG_WARN_INFINITE_RECURSION = YES;
				CLANG_WARN_INT_CONVERSION = YES;
				CLANG_WARN_NON_LITERAL_NULL_CONVERSION = YES;
				CLANG_WARN_OBJC_IMPLICIT_RETAIN_SELF = YES;
				CLANG_WARN_OBJC_LITERAL_CONVERSION = YES;
				CLANG_WARN_OBJC_ROOT_CLASS = YES_ERROR;
				CLANG_WARN_RANGE_LOOP_ANALYSIS = YES;
				CLANG_WARN_STRICT_PROTOTYPES = YES;
				CLANG_WARN_SUSPICIOUS_MOVE = YES;
				CLANG_WARN_UNGUARDED_AVAILABILITY = YES_AGGRESSIVE;
				CLANG_WARN_UNREACHABLE_CODE = YES;
				CLANG_WARN__DUPLICATE_METHOD_MATCH = YES;
				CODE_SIGN_IDENTITY = "iPhone Developer";
				COPY_PHASE_STRIP = NO;
				DEBUG_INFORMATION_FORMAT = "dwarf-with-dsym";
				ENABLE_NS_ASSERTIONS = NO;
				ENABLE_STRICT_OBJC_MSGSEND = YES;
				GCC_C_LANGUAGE_STANDARD = gnu11;
				GCC_NO_COMMON_BLOCKS = YES;
				GCC_WARN_64_TO_32_BIT_CONVERSION = YES;
				GCC_WARN_ABOUT_RETURN_TYPE = YES_ERROR;
				GCC_WARN_UNDECLARED_SELECTOR = YES;
				GCC_WARN_UNINITIALIZED_AUTOS = YES_AGGRESSIVE;
				GCC_WARN_UNUSED_FUNCTION = YES;
				GCC_WARN_UNUSED_VARIABLE = YES;
				IPHONEOS_DEPLOYMENT_TARGET = 12.2;
				MTL_ENABLE_DEBUG_INFO = NO;
				MTL_FAST_MATH = YES;
				SDKROOT = iphoneos;
				SWIFT_COMPILATION_MODE = wholemodule;
				SWIFT_OPTIMIZATION_LEVEL = "-O";
				VALIDATE_PRODUCT = YES;
			};
			name = Release;
		};
		52D0953D22AC364A008A236B /* Debug */ = {
			isa = XCBuildConfiguration;
			baseConfigurationReference = 5F3D044F1D26955BCA7B57EC /* Pods-SOF.debug.xcconfig */;
			buildSettings = {
				ASSETCATALOG_COMPILER_APPICON_NAME = AppIcon;
				CODE_SIGN_STYLE = Automatic;
				DEVELOPMENT_TEAM = VR6Z5GU2W7;
				FRAMEWORK_SEARCH_PATHS = (
					"$(inherited)",
					"$(PROJECT_DIR)/Carthage/Build/iOS",
				);
				INFOPLIST_FILE = SOF/Info.plist;
				LD_RUNPATH_SEARCH_PATHS = (
					"$(inherited)",
					"@executable_path/Frameworks",
				);
				PRODUCT_BUNDLE_IDENTIFIER = elmo.SOF;
				PRODUCT_NAME = "$(TARGET_NAME)";
				SWIFT_VERSION = 5.0;
				TARGETED_DEVICE_FAMILY = 2;
			};
			name = Debug;
		};
		52D0953E22AC364A008A236B /* Release */ = {
			isa = XCBuildConfiguration;
			baseConfigurationReference = CA44E6E9A49FCF06641DA7A9 /* Pods-SOF.release.xcconfig */;
			buildSettings = {
				ASSETCATALOG_COMPILER_APPICON_NAME = AppIcon;
				CODE_SIGN_STYLE = Automatic;
				DEVELOPMENT_TEAM = VR6Z5GU2W7;
				FRAMEWORK_SEARCH_PATHS = (
					"$(inherited)",
					"$(PROJECT_DIR)/Carthage/Build/iOS",
				);
				INFOPLIST_FILE = SOF/Info.plist;
				LD_RUNPATH_SEARCH_PATHS = (
					"$(inherited)",
					"@executable_path/Frameworks",
				);
				PRODUCT_BUNDLE_IDENTIFIER = elmo.SOF;
				PRODUCT_NAME = "$(TARGET_NAME)";
				SWIFT_VERSION = 5.0;
				TARGETED_DEVICE_FAMILY = 2;
			};
			name = Release;
		};
/* End XCBuildConfiguration section */

/* Begin XCConfigurationList section */
		52D0952222AC3649008A236B /* Build configuration list for PBXProject "SOF" */ = {
			isa = XCConfigurationList;
			buildConfigurations = (
				52D0953A22AC364A008A236B /* Debug */,
				52D0953B22AC364A008A236B /* Release */,
			);
			defaultConfigurationIsVisible = 0;
			defaultConfigurationName = Release;
		};
		52D0953C22AC364A008A236B /* Build configuration list for PBXNativeTarget "SOF" */ = {
			isa = XCConfigurationList;
			buildConfigurations = (
				52D0953D22AC364A008A236B /* Debug */,
				52D0953E22AC364A008A236B /* Release */,
			);
			defaultConfigurationIsVisible = 0;
			defaultConfigurationName = Release;
		};
/* End XCConfigurationList section */

/* Begin XCVersionGroup section */
		52D0953122AC3649008A236B /* SOF.xcdatamodeld */ = {
			isa = XCVersionGroup;
			children = (
				52D0953222AC3649008A236B /* SOF.xcdatamodel */,
			);
			currentVersion = 52D0953222AC3649008A236B /* SOF.xcdatamodel */;
			path = SOF.xcdatamodeld;
			sourceTree = "<group>";
			versionGroupType = wrapper.xcdatamodel;
		};
		52F3BD1022B6275A00F7F367 /* DAFIF.xcdatamodeld */ = {
			isa = XCVersionGroup;
			children = (
				52F3BD1122B6275A00F7F367 /* DAFIF.xcdatamodel */,
			);
			currentVersion = 52F3BD1122B6275A00F7F367 /* DAFIF.xcdatamodel */;
			name = DAFIF.xcdatamodeld;
			path = ../../DAFIF_JSON/DAFIF.xcdatamodeld;
			sourceTree = "<group>";
			versionGroupType = wrapper.xcdatamodel;
		};
/* End XCVersionGroup section */
	};
	rootObject = 52D0951F22AC3649008A236B /* Project object */;
}
